{
  "version": 4,
  "terraform_version": "0.12.29",
  "serial": 317,
  "lineage": "e5e14aa5-8a7a-fe18-5411-e0167430f0c8",
  "outputs": {
    "jenkins_vm_public_ips": {
      "value": [
        "52.163.208.186"
      ],
      "type": [
        "tuple",
        [
          "string"
        ]
      ]
    },
    "jenkins_vm_url": {
      "value": "http://52.163.208.186:8080",
      "type": "string"
    },
    "webserver-vm_public_ips": {
      "value": [
        "13.76.171.75"
      ],
      "type": [
        "tuple",
        [
          "string"
        ]
      ]
    },
    "webserver-vm_url": {
      "value": "http://13.76.171.75",
      "type": "string"
    }
  },
  "resources": [
    {
      "module": "module.webserver_vm",
      "mode": "data",
      "type": "azurerm_resource_group",
      "name": "vm",
      "provider": "provider.azurerm",
      "instances": [
        {
          "schema_version": 0,
          "attributes": {
            "id": "/subscriptions/d0767e87-e2a6-4477-a762-768ce1367057/resourceGroups/Anh-DevOps",
            "location": "southeastasia",
            "name": "Anh-DevOps",
            "tags": {},
            "timeouts": null
          }
        }
      ]
    },
    {
      "module": "module.jenkins_vm",
      "mode": "data",
      "type": "azurerm_resource_group",
      "name": "vm",
      "provider": "provider.azurerm",
      "instances": [
        {
          "schema_version": 0,
          "attributes": {
            "id": "/subscriptions/d0767e87-e2a6-4477-a762-768ce1367057/resourceGroups/Anh-DevOps",
            "location": "southeastasia",
            "name": "Anh-DevOps",
            "tags": {},
            "timeouts": null
          }
        }
      ]
    },
    {
      "module": "module.vnet",
      "mode": "data",
      "type": "azurerm_resource_group",
      "name": "vnet",
      "provider": "provider.azurerm",
      "instances": [
        {
          "schema_version": 0,
          "attributes": {
            "id": "/subscriptions/d0767e87-e2a6-4477-a762-768ce1367057/resourceGroups/Anh-DevOps",
            "location": "southeastasia",
            "name": "Anh-DevOps",
            "tags": {},
            "timeouts": null
          }
        }
      ]
    },
    {
      "module": "module.vnet",
      "mode": "data",
      "type": "azurerm_subnet",
      "name": "import",
      "each": "map",
      "provider": "provider.azurerm",
      "instances": []
    },
    {
      "module": "module.webserver_vm",
      "mode": "managed",
      "type": "azurerm_availability_set",
      "name": "vm",
      "provider": "provider.azurerm",
      "instances": [
        {
          "schema_version": 0,
          "attributes": {
            "id": "/subscriptions/d0767e87-e2a6-4477-a762-768ce1367057/resourceGroups/Anh-DevOps/providers/Microsoft.Compute/availabilitySets/webserver-avset",
            "location": "southeastasia",
            "managed": true,
            "name": "webserver-avset",
            "platform_fault_domain_count": 2,
            "platform_update_domain_count": 2,
            "proximity_placement_group_id": null,
            "resource_group_name": "Anh-DevOps",
            "tags": {
              "environment": "dev"
            },
            "timeouts": null
          },
          "private": "eyJlMmJmYjczMC1lY2FhLTExZTYtOGY4OC0zNDM2M2JjN2M0YzAiOnsiY3JlYXRlIjoxODAwMDAwMDAwMDAwLCJkZWxldGUiOjE4MDAwMDAwMDAwMDAsInJlYWQiOjMwMDAwMDAwMDAwMCwidXBkYXRlIjoxODAwMDAwMDAwMDAwfX0=",
          "dependencies": [
            "azurerm_resource_group.devops"
          ]
        }
      ]
    },
    {
      "module": "module.jenkins_vm",
      "mode": "managed",
      "type": "azurerm_availability_set",
      "name": "vm",
      "provider": "provider.azurerm",
      "instances": [
        {
          "schema_version": 0,
          "attributes": {
            "id": "/subscriptions/d0767e87-e2a6-4477-a762-768ce1367057/resourceGroups/Anh-DevOps/providers/Microsoft.Compute/availabilitySets/jenkins-avset",
            "location": "southeastasia",
            "managed": true,
            "name": "jenkins-avset",
            "platform_fault_domain_count": 2,
            "platform_update_domain_count": 2,
            "proximity_placement_group_id": null,
            "resource_group_name": "Anh-DevOps",
            "tags": {
              "environment": "dev"
            },
            "timeouts": null
          },
          "private": "eyJlMmJmYjczMC1lY2FhLTExZTYtOGY4OC0zNDM2M2JjN2M0YzAiOnsiY3JlYXRlIjoxODAwMDAwMDAwMDAwLCJkZWxldGUiOjE4MDAwMDAwMDAwMDAsInJlYWQiOjMwMDAwMDAwMDAwMCwidXBkYXRlIjoxODAwMDAwMDAwMDAwfX0=",
          "dependencies": [
            "azurerm_resource_group.devops"
          ]
        }
      ]
    },
    {
      "module": "module.webserver_vm",
      "mode": "managed",
      "type": "azurerm_network_interface",
      "name": "vm",
      "each": "list",
      "provider": "provider.azurerm",
      "instances": [
        {
          "index_key": 0,
          "schema_version": 0,
          "attributes": {
            "applied_dns_servers": [],
            "dns_servers": [],
            "enable_accelerated_networking": false,
            "enable_ip_forwarding": false,
            "id": "/subscriptions/d0767e87-e2a6-4477-a762-768ce1367057/resourceGroups/Anh-DevOps/providers/Microsoft.Network/networkInterfaces/webserver-nic-0",
            "internal_dns_name_label": "",
            "internal_domain_name_suffix": "pk00csyzinsetm31cm1egivo0c.ix.internal.cloudapp.net",
            "ip_configuration": [
              {
                "name": "webserver-ip-0",
                "primary": true,
                "private_ip_address": "192.168.1.4",
                "private_ip_address_allocation": "Dynamic",
                "private_ip_address_version": "IPv4",
                "public_ip_address_id": "/subscriptions/d0767e87-e2a6-4477-a762-768ce1367057/resourceGroups/Anh-DevOps/providers/Microsoft.Network/publicIPAddresses/webserver-pip-0",
                "subnet_id": "/subscriptions/d0767e87-e2a6-4477-a762-768ce1367057/resourceGroups/Anh-DevOps/providers/Microsoft.Network/virtualNetworks/devops_vnet/subnets/subnet_b"
              }
            ],
            "location": "southeastasia",
            "mac_address": "",
            "name": "webserver-nic-0",
            "private_ip_address": "192.168.1.4",
            "private_ip_addresses": [
              "192.168.1.4"
            ],
            "resource_group_name": "Anh-DevOps",
            "tags": {
              "environment": "dev"
            },
            "timeouts": null,
            "virtual_machine_id": ""
          },
          "private": "eyJlMmJmYjczMC1lY2FhLTExZTYtOGY4OC0zNDM2M2JjN2M0YzAiOnsiY3JlYXRlIjoxODAwMDAwMDAwMDAwLCJkZWxldGUiOjE4MDAwMDAwMDAwMDAsInJlYWQiOjMwMDAwMDAwMDAwMCwidXBkYXRlIjoxODAwMDAwMDAwMDAwfX0=",
          "dependencies": [
            "azurerm_resource_group.devops",
            "module.vnet.azurerm_subnet.subnet",
            "module.vnet.azurerm_virtual_network.vnet",
            "module.webserver_vm.azurerm_public_ip.vm"
          ]
        }
      ]
    },
    {
      "module": "module.jenkins_vm",
      "mode": "managed",
      "type": "azurerm_network_interface",
      "name": "vm",
      "each": "list",
      "provider": "provider.azurerm",
      "instances": [
        {
          "index_key": 0,
          "schema_version": 0,
          "attributes": {
            "applied_dns_servers": [],
            "dns_servers": [],
            "enable_accelerated_networking": false,
            "enable_ip_forwarding": false,
            "id": "/subscriptions/d0767e87-e2a6-4477-a762-768ce1367057/resourceGroups/Anh-DevOps/providers/Microsoft.Network/networkInterfaces/jenkins-nic-0",
            "internal_dns_name_label": "",
            "internal_domain_name_suffix": "pk00csyzinsetm31cm1egivo0c.ix.internal.cloudapp.net",
            "ip_configuration": [
              {
                "name": "jenkins-ip-0",
                "primary": true,
                "private_ip_address": "192.168.0.4",
                "private_ip_address_allocation": "Dynamic",
                "private_ip_address_version": "IPv4",
                "public_ip_address_id": "/subscriptions/d0767e87-e2a6-4477-a762-768ce1367057/resourceGroups/Anh-DevOps/providers/Microsoft.Network/publicIPAddresses/jenkins-pip-0",
                "subnet_id": "/subscriptions/d0767e87-e2a6-4477-a762-768ce1367057/resourceGroups/Anh-DevOps/providers/Microsoft.Network/virtualNetworks/devops_vnet/subnets/subnet_a"
              }
            ],
            "location": "southeastasia",
            "mac_address": "",
            "name": "jenkins-nic-0",
            "private_ip_address": "192.168.0.4",
            "private_ip_addresses": [
              "192.168.0.4"
            ],
            "resource_group_name": "Anh-DevOps",
            "tags": {
              "environment": "dev"
            },
            "timeouts": null,
            "virtual_machine_id": ""
          },
          "private": "eyJlMmJmYjczMC1lY2FhLTExZTYtOGY4OC0zNDM2M2JjN2M0YzAiOnsiY3JlYXRlIjoxODAwMDAwMDAwMDAwLCJkZWxldGUiOjE4MDAwMDAwMDAwMDAsInJlYWQiOjMwMDAwMDAwMDAwMCwidXBkYXRlIjoxODAwMDAwMDAwMDAwfX0=",
          "dependencies": [
            "azurerm_resource_group.devops",
            "module.jenkins_vm.azurerm_public_ip.vm",
            "module.vnet.azurerm_subnet.subnet",
            "module.vnet.azurerm_virtual_network.vnet"
          ]
        }
      ]
    },
    {
      "module": "module.webserver_vm",
      "mode": "managed",
      "type": "azurerm_network_interface_security_group_association",
      "name": "test",
      "each": "list",
      "provider": "provider.azurerm",
      "instances": [
        {
          "index_key": 0,
          "schema_version": 0,
          "attributes": {
            "id": "/subscriptions/d0767e87-e2a6-4477-a762-768ce1367057/resourceGroups/Anh-DevOps/providers/Microsoft.Network/networkInterfaces/webserver-nic-0|/subscriptions/d0767e87-e2a6-4477-a762-768ce1367057/resourceGroups/Anh-DevOps/providers/Microsoft.Network/networkSecurityGroups/webserver-nsg",
            "network_interface_id": "/subscriptions/d0767e87-e2a6-4477-a762-768ce1367057/resourceGroups/Anh-DevOps/providers/Microsoft.Network/networkInterfaces/webserver-nic-0",
            "network_security_group_id": "/subscriptions/d0767e87-e2a6-4477-a762-768ce1367057/resourceGroups/Anh-DevOps/providers/Microsoft.Network/networkSecurityGroups/webserver-nsg",
            "timeouts": null
          },
          "private": "eyJlMmJmYjczMC1lY2FhLTExZTYtOGY4OC0zNDM2M2JjN2M0YzAiOnsiY3JlYXRlIjoxODAwMDAwMDAwMDAwLCJkZWxldGUiOjE4MDAwMDAwMDAwMDAsInJlYWQiOjMwMDAwMDAwMDAwMCwidXBkYXRlIjoxODAwMDAwMDAwMDAwfX0=",
          "dependencies": [
            "azurerm_resource_group.devops",
            "module.vnet.azurerm_subnet.subnet",
            "module.vnet.azurerm_virtual_network.vnet",
            "module.webserver_vm.azurerm_network_interface.vm",
            "module.webserver_vm.azurerm_network_security_group.vm",
            "module.webserver_vm.azurerm_public_ip.vm"
          ]
        }
      ]
    },
    {
      "module": "module.jenkins_vm",
      "mode": "managed",
      "type": "azurerm_network_interface_security_group_association",
      "name": "test",
      "each": "list",
      "provider": "provider.azurerm",
      "instances": [
        {
          "index_key": 0,
          "schema_version": 0,
          "attributes": {
            "id": "/subscriptions/d0767e87-e2a6-4477-a762-768ce1367057/resourceGroups/Anh-DevOps/providers/Microsoft.Network/networkInterfaces/jenkins-nic-0|/subscriptions/d0767e87-e2a6-4477-a762-768ce1367057/resourceGroups/Anh-DevOps/providers/Microsoft.Network/networkSecurityGroups/jenkins-nsg",
            "network_interface_id": "/subscriptions/d0767e87-e2a6-4477-a762-768ce1367057/resourceGroups/Anh-DevOps/providers/Microsoft.Network/networkInterfaces/jenkins-nic-0",
            "network_security_group_id": "/subscriptions/d0767e87-e2a6-4477-a762-768ce1367057/resourceGroups/Anh-DevOps/providers/Microsoft.Network/networkSecurityGroups/jenkins-nsg",
            "timeouts": null
          },
          "private": "eyJlMmJmYjczMC1lY2FhLTExZTYtOGY4OC0zNDM2M2JjN2M0YzAiOnsiY3JlYXRlIjoxODAwMDAwMDAwMDAwLCJkZWxldGUiOjE4MDAwMDAwMDAwMDAsInJlYWQiOjMwMDAwMDAwMDAwMCwidXBkYXRlIjoxODAwMDAwMDAwMDAwfX0=",
          "dependencies": [
            "azurerm_resource_group.devops",
            "module.jenkins_vm.azurerm_network_interface.vm",
            "module.jenkins_vm.azurerm_network_security_group.vm",
            "module.jenkins_vm.azurerm_public_ip.vm",
            "module.vnet.azurerm_subnet.subnet",
            "module.vnet.azurerm_virtual_network.vnet"
          ]
        }
      ]
    },
    {
      "module": "module.webserver_vm",
      "mode": "managed",
      "type": "azurerm_network_security_group",
      "name": "vm",
      "provider": "provider.azurerm",
      "instances": [
        {
          "schema_version": 0,
          "attributes": {
            "id": "/subscriptions/d0767e87-e2a6-4477-a762-768ce1367057/resourceGroups/Anh-DevOps/providers/Microsoft.Network/networkSecurityGroups/webserver-nsg",
            "location": "southeastasia",
            "name": "webserver-nsg",
            "resource_group_name": "Anh-DevOps",
            "security_rule": [],
            "tags": {
              "environment": "dev"
            },
            "timeouts": null
          },
          "private": "eyJlMmJmYjczMC1lY2FhLTExZTYtOGY4OC0zNDM2M2JjN2M0YzAiOnsiY3JlYXRlIjoxODAwMDAwMDAwMDAwLCJkZWxldGUiOjE4MDAwMDAwMDAwMDAsInJlYWQiOjMwMDAwMDAwMDAwMCwidXBkYXRlIjoxODAwMDAwMDAwMDAwfX0=",
          "dependencies": [
            "azurerm_resource_group.devops"
          ]
        }
      ]
    },
    {
      "module": "module.jenkins_vm",
      "mode": "managed",
      "type": "azurerm_network_security_group",
      "name": "vm",
      "provider": "provider.azurerm",
      "instances": [
        {
          "schema_version": 0,
          "attributes": {
            "id": "/subscriptions/d0767e87-e2a6-4477-a762-768ce1367057/resourceGroups/Anh-DevOps/providers/Microsoft.Network/networkSecurityGroups/jenkins-nsg",
            "location": "southeastasia",
            "name": "jenkins-nsg",
            "resource_group_name": "Anh-DevOps",
            "security_rule": [],
            "tags": {
              "environment": "dev"
            },
            "timeouts": null
          },
          "private": "eyJlMmJmYjczMC1lY2FhLTExZTYtOGY4OC0zNDM2M2JjN2M0YzAiOnsiY3JlYXRlIjoxODAwMDAwMDAwMDAwLCJkZWxldGUiOjE4MDAwMDAwMDAwMDAsInJlYWQiOjMwMDAwMDAwMDAwMCwidXBkYXRlIjoxODAwMDAwMDAwMDAwfX0=",
          "dependencies": [
            "azurerm_resource_group.devops"
          ]
        }
      ]
    },
    {
      "module": "module.webserver_vm",
      "mode": "managed",
      "type": "azurerm_network_security_rule",
      "name": "http",
      "provider": "provider.azurerm",
      "instances": [
        {
          "schema_version": 0,
          "attributes": {
            "access": "Allow",
            "description": "Allow remote protocol in from all locations",
            "destination_address_prefix": "*",
            "destination_address_prefixes": null,
            "destination_application_security_group_ids": null,
            "destination_port_range": "80",
            "destination_port_ranges": null,
            "direction": "Inbound",
            "id": "/subscriptions/d0767e87-e2a6-4477-a762-768ce1367057/resourceGroups/Anh-DevOps/providers/Microsoft.Network/networkSecurityGroups/webserver-nsg/securityRules/allow_http_80_in",
            "name": "allow_http_80_in",
            "network_security_group_name": "webserver-nsg",
            "priority": 110,
            "protocol": "Tcp",
            "resource_group_name": "Anh-DevOps",
            "source_address_prefix": "*",
            "source_address_prefixes": null,
            "source_application_security_group_ids": null,
            "source_port_range": "*",
            "source_port_ranges": null,
            "timeouts": null
          },
          "private": "eyJlMmJmYjczMC1lY2FhLTExZTYtOGY4OC0zNDM2M2JjN2M0YzAiOnsiY3JlYXRlIjoxODAwMDAwMDAwMDAwLCJkZWxldGUiOjE4MDAwMDAwMDAwMDAsInJlYWQiOjMwMDAwMDAwMDAwMCwidXBkYXRlIjoxODAwMDAwMDAwMDAwfX0=",
          "dependencies": [
            "azurerm_resource_group.devops",
            "module.webserver_vm.azurerm_network_security_group.vm"
          ]
        }
      ]
    },
    {
      "module": "module.webserver_vm",
      "mode": "managed",
      "type": "azurerm_network_security_rule",
      "name": "https",
      "provider": "provider.azurerm",
      "instances": [
        {
          "schema_version": 0,
          "attributes": {
            "access": "Allow",
            "description": "Allow remote protocol in from all locations",
            "destination_address_prefix": "*",
            "destination_address_prefixes": null,
            "destination_application_security_group_ids": null,
            "destination_port_range": "443",
            "destination_port_ranges": null,
            "direction": "Inbound",
            "id": "/subscriptions/d0767e87-e2a6-4477-a762-768ce1367057/resourceGroups/Anh-DevOps/providers/Microsoft.Network/networkSecurityGroups/webserver-nsg/securityRules/allow_https_443_in",
            "name": "allow_https_443_in",
            "network_security_group_name": "webserver-nsg",
            "priority": 120,
            "protocol": "Tcp",
            "resource_group_name": "Anh-DevOps",
            "source_address_prefix": "*",
            "source_address_prefixes": null,
            "source_application_security_group_ids": null,
            "source_port_range": "*",
            "source_port_ranges": null,
            "timeouts": null
          },
          "private": "eyJlMmJmYjczMC1lY2FhLTExZTYtOGY4OC0zNDM2M2JjN2M0YzAiOnsiY3JlYXRlIjoxODAwMDAwMDAwMDAwLCJkZWxldGUiOjE4MDAwMDAwMDAwMDAsInJlYWQiOjMwMDAwMDAwMDAwMCwidXBkYXRlIjoxODAwMDAwMDAwMDAwfX0=",
          "dependencies": [
            "azurerm_resource_group.devops",
            "module.webserver_vm.azurerm_network_security_group.vm"
          ]
        }
      ]
    },
    {
      "module": "module.jenkins_vm",
      "mode": "managed",
      "type": "azurerm_network_security_rule",
      "name": "jenkins",
      "provider": "provider.azurerm",
      "instances": [
        {
          "schema_version": 0,
          "attributes": {
            "access": "Allow",
            "description": "Allow remote protocol in from all locations",
            "destination_address_prefix": "*",
            "destination_address_prefixes": null,
            "destination_application_security_group_ids": null,
            "destination_port_range": "8080",
            "destination_port_ranges": null,
            "direction": "Inbound",
            "id": "/subscriptions/d0767e87-e2a6-4477-a762-768ce1367057/resourceGroups/Anh-DevOps/providers/Microsoft.Network/networkSecurityGroups/jenkins-nsg/securityRules/allow_jenkins_8080_in",
            "name": "allow_jenkins_8080_in",
            "network_security_group_name": "jenkins-nsg",
            "priority": 110,
            "protocol": "Tcp",
            "resource_group_name": "Anh-DevOps",
            "source_address_prefix": "*",
            "source_address_prefixes": null,
            "source_application_security_group_ids": null,
            "source_port_range": "*",
            "source_port_ranges": null,
            "timeouts": null
          },
          "private": "eyJlMmJmYjczMC1lY2FhLTExZTYtOGY4OC0zNDM2M2JjN2M0YzAiOnsiY3JlYXRlIjoxODAwMDAwMDAwMDAwLCJkZWxldGUiOjE4MDAwMDAwMDAwMDAsInJlYWQiOjMwMDAwMDAwMDAwMCwidXBkYXRlIjoxODAwMDAwMDAwMDAwfX0=",
          "dependencies": [
            "azurerm_resource_group.devops",
            "module.jenkins_vm.azurerm_network_security_group.vm"
          ]
        }
      ]
    },
    {
      "module": "module.webserver_vm",
      "mode": "managed",
      "type": "azurerm_network_security_rule",
      "name": "phpmyadmin",
      "provider": "provider.azurerm",
      "instances": [
        {
          "schema_version": 0,
          "attributes": {
            "access": "Allow",
            "description": "Allow remote protocol in from all locations",
            "destination_address_prefix": "*",
            "destination_address_prefixes": null,
            "destination_application_security_group_ids": null,
            "destination_port_range": "3333",
            "destination_port_ranges": null,
            "direction": "Inbound",
            "id": "/subscriptions/d0767e87-e2a6-4477-a762-768ce1367057/resourceGroups/Anh-DevOps/providers/Microsoft.Network/networkSecurityGroups/webserver-nsg/securityRules/allow_phpmyadmin_3333_in",
            "name": "allow_phpmyadmin_3333_in",
            "network_security_group_name": "webserver-nsg",
            "priority": 130,
            "protocol": "Tcp",
            "resource_group_name": "Anh-DevOps",
            "source_address_prefix": "*",
            "source_address_prefixes": null,
            "source_application_security_group_ids": null,
            "source_port_range": "*",
            "source_port_ranges": null,
            "timeouts": null
          },
          "private": "eyJlMmJmYjczMC1lY2FhLTExZTYtOGY4OC0zNDM2M2JjN2M0YzAiOnsiY3JlYXRlIjoxODAwMDAwMDAwMDAwLCJkZWxldGUiOjE4MDAwMDAwMDAwMDAsInJlYWQiOjMwMDAwMDAwMDAwMCwidXBkYXRlIjoxODAwMDAwMDAwMDAwfX0=",
          "dependencies": [
            "azurerm_resource_group.devops",
            "module.webserver_vm.azurerm_network_security_group.vm"
          ]
        }
      ]
    },
    {
      "module": "module.webserver_vm",
      "mode": "managed",
      "type": "azurerm_network_security_rule",
      "name": "vm",
      "provider": "provider.azurerm",
      "instances": [
        {
          "schema_version": 0,
          "attributes": {
            "access": "Allow",
            "description": "Allow remote protocol in from all locations",
            "destination_address_prefix": "*",
            "destination_address_prefixes": null,
            "destination_application_security_group_ids": null,
            "destination_port_range": "22",
            "destination_port_ranges": null,
            "direction": "Inbound",
            "id": "/subscriptions/d0767e87-e2a6-4477-a762-768ce1367057/resourceGroups/Anh-DevOps/providers/Microsoft.Network/networkSecurityGroups/webserver-nsg/securityRules/allow_remote_22_in_all",
            "name": "allow_remote_22_in_all",
            "network_security_group_name": "webserver-nsg",
            "priority": 100,
            "protocol": "Tcp",
            "resource_group_name": "Anh-DevOps",
            "source_address_prefix": "*",
            "source_address_prefixes": null,
            "source_application_security_group_ids": null,
            "source_port_range": "*",
            "source_port_ranges": null,
            "timeouts": null
          },
          "private": "eyJlMmJmYjczMC1lY2FhLTExZTYtOGY4OC0zNDM2M2JjN2M0YzAiOnsiY3JlYXRlIjoxODAwMDAwMDAwMDAwLCJkZWxldGUiOjE4MDAwMDAwMDAwMDAsInJlYWQiOjMwMDAwMDAwMDAwMCwidXBkYXRlIjoxODAwMDAwMDAwMDAwfX0=",
          "dependencies": [
            "azurerm_resource_group.devops",
            "module.webserver_vm.azurerm_network_security_group.vm"
          ]
        }
      ]
    },
    {
      "module": "module.jenkins_vm",
      "mode": "managed",
      "type": "azurerm_network_security_rule",
      "name": "vm",
      "provider": "provider.azurerm",
      "instances": [
        {
          "schema_version": 0,
          "attributes": {
            "access": "Allow",
            "description": "Allow remote protocol in from all locations",
            "destination_address_prefix": "*",
            "destination_address_prefixes": null,
            "destination_application_security_group_ids": null,
            "destination_port_range": "22",
            "destination_port_ranges": null,
            "direction": "Inbound",
            "id": "/subscriptions/d0767e87-e2a6-4477-a762-768ce1367057/resourceGroups/Anh-DevOps/providers/Microsoft.Network/networkSecurityGroups/jenkins-nsg/securityRules/allow_remote_22_in_all",
            "name": "allow_remote_22_in_all",
            "network_security_group_name": "jenkins-nsg",
            "priority": 100,
            "protocol": "Tcp",
            "resource_group_name": "Anh-DevOps",
            "source_address_prefix": "*",
            "source_address_prefixes": null,
            "source_application_security_group_ids": null,
            "source_port_range": "*",
            "source_port_ranges": null,
            "timeouts": null
          },
          "private": "eyJlMmJmYjczMC1lY2FhLTExZTYtOGY4OC0zNDM2M2JjN2M0YzAiOnsiY3JlYXRlIjoxODAwMDAwMDAwMDAwLCJkZWxldGUiOjE4MDAwMDAwMDAwMDAsInJlYWQiOjMwMDAwMDAwMDAwMCwidXBkYXRlIjoxODAwMDAwMDAwMDAwfX0=",
          "dependencies": [
            "azurerm_resource_group.devops",
            "module.jenkins_vm.azurerm_network_security_group.vm"
          ]
        }
      ]
    },
    {
      "module": "module.webserver_vm",
      "mode": "managed",
      "type": "azurerm_public_ip",
      "name": "vm",
      "each": "list",
      "provider": "provider.azurerm",
      "instances": [
        {
          "index_key": 0,
          "schema_version": 0,
          "attributes": {
            "allocation_method": "Static",
            "domain_name_label": null,
            "fqdn": null,
            "id": "/subscriptions/d0767e87-e2a6-4477-a762-768ce1367057/resourceGroups/Anh-DevOps/providers/Microsoft.Network/publicIPAddresses/webserver-pip-0",
            "idle_timeout_in_minutes": 4,
            "ip_address": "13.76.171.75",
            "ip_version": "IPv4",
            "location": "southeastasia",
            "name": "webserver-pip-0",
            "public_ip_prefix_id": null,
            "resource_group_name": "Anh-DevOps",
            "reverse_fqdn": null,
            "sku": "Basic",
            "tags": {
              "environment": "dev"
            },
            "timeouts": null,
            "zones": null
          },
          "private": "eyJlMmJmYjczMC1lY2FhLTExZTYtOGY4OC0zNDM2M2JjN2M0YzAiOnsiY3JlYXRlIjoxODAwMDAwMDAwMDAwLCJkZWxldGUiOjE4MDAwMDAwMDAwMDAsInJlYWQiOjMwMDAwMDAwMDAwMCwidXBkYXRlIjoxODAwMDAwMDAwMDAwfX0=",
          "dependencies": [
            "azurerm_resource_group.devops"
          ]
        }
      ]
    },
    {
      "module": "module.jenkins_vm",
      "mode": "managed",
      "type": "azurerm_public_ip",
      "name": "vm",
      "each": "list",
      "provider": "provider.azurerm",
      "instances": [
        {
          "index_key": 0,
          "schema_version": 0,
          "attributes": {
            "allocation_method": "Static",
            "domain_name_label": null,
            "fqdn": null,
            "id": "/subscriptions/d0767e87-e2a6-4477-a762-768ce1367057/resourceGroups/Anh-DevOps/providers/Microsoft.Network/publicIPAddresses/jenkins-pip-0",
            "idle_timeout_in_minutes": 4,
            "ip_address": "52.163.208.186",
            "ip_version": "IPv4",
            "location": "southeastasia",
            "name": "jenkins-pip-0",
            "public_ip_prefix_id": null,
            "resource_group_name": "Anh-DevOps",
            "reverse_fqdn": null,
            "sku": "Basic",
            "tags": {
              "environment": "dev"
            },
            "timeouts": null,
            "zones": null
          },
          "private": "eyJlMmJmYjczMC1lY2FhLTExZTYtOGY4OC0zNDM2M2JjN2M0YzAiOnsiY3JlYXRlIjoxODAwMDAwMDAwMDAwLCJkZWxldGUiOjE4MDAwMDAwMDAwMDAsInJlYWQiOjMwMDAwMDAwMDAwMCwidXBkYXRlIjoxODAwMDAwMDAwMDAwfX0=",
          "dependencies": [
            "azurerm_resource_group.devops"
          ]
        }
      ]
    },
    {
      "mode": "managed",
      "type": "azurerm_resource_group",
      "name": "devops",
      "provider": "provider.azurerm",
      "instances": [
        {
          "schema_version": 0,
          "attributes": {
            "id": "/subscriptions/d0767e87-e2a6-4477-a762-768ce1367057/resourceGroups/Anh-DevOps",
            "location": "southeastasia",
            "name": "Anh-DevOps",
            "tags": null,
            "timeouts": null
          },
          "private": "eyJlMmJmYjczMC1lY2FhLTExZTYtOGY4OC0zNDM2M2JjN2M0YzAiOnsiY3JlYXRlIjo1NDAwMDAwMDAwMDAwLCJkZWxldGUiOjU0MDAwMDAwMDAwMDAsInJlYWQiOjMwMDAwMDAwMDAwMCwidXBkYXRlIjo1NDAwMDAwMDAwMDAwfX0="
        }
      ]
    },
    {
      "module": "module.webserver_vm",
      "mode": "managed",
      "type": "azurerm_storage_account",
      "name": "vm-sa",
      "each": "list",
      "provider": "provider.azurerm",
      "instances": []
    },
    {
      "module": "module.jenkins_vm",
      "mode": "managed",
      "type": "azurerm_storage_account",
      "name": "vm-sa",
      "each": "list",
      "provider": "provider.azurerm",
      "instances": []
    },
    {
      "module": "module.vnet",
      "mode": "managed",
      "type": "azurerm_subnet",
      "name": "subnet",
      "each": "list",
      "provider": "provider.azurerm",
      "instances": [
        {
          "index_key": 0,
          "schema_version": 0,
          "attributes": {
            "address_prefix": "192.168.0.0/24",
            "address_prefixes": [
              "192.168.0.0/24"
            ],
            "delegation": [],
            "enforce_private_link_endpoint_network_policies": false,
            "enforce_private_link_service_network_policies": false,
            "id": "/subscriptions/d0767e87-e2a6-4477-a762-768ce1367057/resourceGroups/Anh-DevOps/providers/Microsoft.Network/virtualNetworks/devops_vnet/subnets/subnet_a",
            "name": "subnet_a",
            "resource_group_name": "Anh-DevOps",
            "service_endpoints": null,
            "timeouts": null,
            "virtual_network_name": "devops_vnet"
          },
          "private": "eyJlMmJmYjczMC1lY2FhLTExZTYtOGY4OC0zNDM2M2JjN2M0YzAiOnsiY3JlYXRlIjoxODAwMDAwMDAwMDAwLCJkZWxldGUiOjE4MDAwMDAwMDAwMDAsInJlYWQiOjMwMDAwMDAwMDAwMCwidXBkYXRlIjoxODAwMDAwMDAwMDAwfX0=",
          "dependencies": [
            "azurerm_resource_group.devops",
            "module.vnet.azurerm_virtual_network.vnet"
          ]
        },
        {
          "index_key": 1,
          "schema_version": 0,
          "attributes": {
            "address_prefix": "192.168.1.0/24",
            "address_prefixes": [
              "192.168.1.0/24"
            ],
            "delegation": [],
            "enforce_private_link_endpoint_network_policies": false,
            "enforce_private_link_service_network_policies": false,
            "id": "/subscriptions/d0767e87-e2a6-4477-a762-768ce1367057/resourceGroups/Anh-DevOps/providers/Microsoft.Network/virtualNetworks/devops_vnet/subnets/subnet_b",
            "name": "subnet_b",
            "resource_group_name": "Anh-DevOps",
            "service_endpoints": null,
            "timeouts": null,
            "virtual_network_name": "devops_vnet"
          },
          "private": "eyJlMmJmYjczMC1lY2FhLTExZTYtOGY4OC0zNDM2M2JjN2M0YzAiOnsiY3JlYXRlIjoxODAwMDAwMDAwMDAwLCJkZWxldGUiOjE4MDAwMDAwMDAwMDAsInJlYWQiOjMwMDAwMDAwMDAwMCwidXBkYXRlIjoxODAwMDAwMDAwMDAwfX0=",
          "dependencies": [
            "azurerm_resource_group.devops",
            "module.vnet.azurerm_virtual_network.vnet"
          ]
        }
      ]
    },
    {
      "module": "module.vnet",
      "mode": "managed",
      "type": "azurerm_subnet_network_security_group_association",
      "name": "vnet",
      "each": "map",
      "provider": "provider.azurerm",
      "instances": []
    },
    {
      "module": "module.webserver_vm",
      "mode": "managed",
      "type": "azurerm_virtual_machine",
      "name": "vm-linux",
      "each": "list",
      "provider": "provider.azurerm",
      "instances": [
        {
          "index_key": 0,
          "schema_version": 0,
          "attributes": {
            "additional_capabilities": [],
            "availability_set_id": "/subscriptions/d0767e87-e2a6-4477-a762-768ce1367057/resourcegroups/anh-devops/providers/microsoft.compute/availabilitysets/webserver-avset",
            "boot_diagnostics": [
              {
                "enabled": false,
                "storage_uri": ""
              }
            ],
            "delete_data_disks_on_termination": false,
            "delete_os_disk_on_termination": true,
            "id": "/subscriptions/d0767e87-e2a6-4477-a762-768ce1367057/resourceGroups/Anh-DevOps/providers/Microsoft.Compute/virtualMachines/webserver-vmLinux-0",
            "identity": [],
            "license_type": null,
            "location": "southeastasia",
            "name": "webserver-vmLinux-0",
            "network_interface_ids": [
              "/subscriptions/d0767e87-e2a6-4477-a762-768ce1367057/resourceGroups/Anh-DevOps/providers/Microsoft.Network/networkInterfaces/webserver-nic-0"
            ],
            "os_profile": [
              {
                "admin_password": "",
                "admin_username": "matdecha",
                "computer_name": "webserver-0",
                "custom_data": "da39a3ee5e6b4b0d3255bfef95601890afd80709"
              }
            ],
            "os_profile_linux_config": [
              {
                "disable_password_authentication": true,
                "ssh_keys": [
                  {
                    "key_data": "ssh-rsa AAAAB3NzaC1yc2EAAAADAQABAAABAQCpEVR4E87OMPureQnh6g9BvyX5yItcQ8SnpUnWfUOBCizGMEM29A9Eb0G32r8LXBVFwMmSxgR52z60eJsq16c3CMhrAYbeHOVPgte3Kyys02MzRxq4UI3hukaoWu8PNNopItM85q+WoghVNuS6QzajwUE3G1WbwA3K/aG0r1ws4oA8/UGDvy0t+G1/yftEFFQsswCxe3HKTEtUicTw2qn21l9TLoiN69VJQIa6Bp3QDYCG2myXGyE7VGmR4d+1KZVKNuCdVuNBXEtpsLU+mwX2bznjpsHbz/lYhzjBiBPNsNBYqPnV9yT8MNRbq/XKZO32lpqO3Hk4BAHLOWAx3jMZ www-user@webserver-vm02\n",
                    "path": "/home/matdecha/.ssh/authorized_keys"
                  }
                ]
              }
            ],
            "os_profile_secrets": [],
            "os_profile_windows_config": [],
            "plan": [],
            "primary_network_interface_id": null,
            "proximity_placement_group_id": null,
            "resource_group_name": "Anh-DevOps",
            "storage_data_disk": [],
            "storage_image_reference": [
              {
                "id": "",
                "offer": "CentOS",
                "publisher": "OpenLogic",
                "sku": "7.7",
                "version": "latest"
              }
            ],
            "storage_os_disk": [
              {
                "caching": "ReadWrite",
                "create_option": "FromImage",
                "disk_size_gb": 30,
                "image_uri": "",
                "managed_disk_id": "/subscriptions/d0767e87-e2a6-4477-a762-768ce1367057/resourceGroups/ANH-DEVOPS/providers/Microsoft.Compute/disks/osdisk-webserver-0",
                "managed_disk_type": "Premium_LRS",
                "name": "osdisk-webserver-0",
                "os_type": "Linux",
                "vhd_uri": "",
                "write_accelerator_enabled": false
              }
            ],
            "tags": {
              "environment": "dev"
            },
            "timeouts": null,
            "vm_size": "Standard_B2s",
            "zones": null
          },
          "private": "eyJlMmJmYjczMC1lY2FhLTExZTYtOGY4OC0zNDM2M2JjN2M0YzAiOnsiY3JlYXRlIjozNjAwMDAwMDAwMDAwLCJkZWxldGUiOjM2MDAwMDAwMDAwMDAsInJlYWQiOjMwMDAwMDAwMDAwMCwidXBkYXRlIjozNjAwMDAwMDAwMDAwfX0=",
          "dependencies": [
            "azurerm_resource_group.devops",
            "module.vnet.azurerm_subnet.subnet",
            "module.vnet.azurerm_virtual_network.vnet",
            "module.webserver_vm.azurerm_availability_set.vm",
            "module.webserver_vm.azurerm_network_interface.vm",
            "module.webserver_vm.azurerm_public_ip.vm",
            "module.webserver_vm.azurerm_storage_account.vm-sa"
          ]
        }
      ]
    },
    {
      "module": "module.jenkins_vm",
      "mode": "managed",
      "type": "azurerm_virtual_machine",
      "name": "vm-linux",
      "each": "list",
      "provider": "provider.azurerm",
      "instances": [
        {
          "index_key": 0,
          "schema_version": 0,
          "attributes": {
            "additional_capabilities": [],
            "availability_set_id": "/subscriptions/d0767e87-e2a6-4477-a762-768ce1367057/resourcegroups/anh-devops/providers/microsoft.compute/availabilitysets/jenkins-avset",
            "boot_diagnostics": [
              {
                "enabled": false,
                "storage_uri": ""
              }
            ],
            "delete_data_disks_on_termination": false,
            "delete_os_disk_on_termination": true,
            "id": "/subscriptions/d0767e87-e2a6-4477-a762-768ce1367057/resourceGroups/Anh-DevOps/providers/Microsoft.Compute/virtualMachines/jenkins-vmLinux-0",
            "identity": [],
            "license_type": null,
            "location": "southeastasia",
            "name": "jenkins-vmLinux-0",
            "network_interface_ids": [
              "/subscriptions/d0767e87-e2a6-4477-a762-768ce1367057/resourceGroups/Anh-DevOps/providers/Microsoft.Network/networkInterfaces/jenkins-nic-0"
            ],
            "os_profile": [
              {
                "admin_password": "",
                "admin_username": "matdecha",
                "computer_name": "jenkins-0",
                "custom_data": "da39a3ee5e6b4b0d3255bfef95601890afd80709"
              }
            ],
            "os_profile_linux_config": [
              {
                "disable_password_authentication": true,
                "ssh_keys": [
                  {
                    "key_data": "ssh-rsa AAAAB3NzaC1yc2EAAAADAQABAAABAQCpEVR4E87OMPureQnh6g9BvyX5yItcQ8SnpUnWfUOBCizGMEM29A9Eb0G32r8LXBVFwMmSxgR52z60eJsq16c3CMhrAYbeHOVPgte3Kyys02MzRxq4UI3hukaoWu8PNNopItM85q+WoghVNuS6QzajwUE3G1WbwA3K/aG0r1ws4oA8/UGDvy0t+G1/yftEFFQsswCxe3HKTEtUicTw2qn21l9TLoiN69VJQIa6Bp3QDYCG2myXGyE7VGmR4d+1KZVKNuCdVuNBXEtpsLU+mwX2bznjpsHbz/lYhzjBiBPNsNBYqPnV9yT8MNRbq/XKZO32lpqO3Hk4BAHLOWAx3jMZ www-user@webserver-vm02\n",
                    "path": "/home/matdecha/.ssh/authorized_keys"
                  }
                ]
              }
            ],
            "os_profile_secrets": [],
            "os_profile_windows_config": [],
            "plan": [],
            "primary_network_interface_id": null,
            "proximity_placement_group_id": null,
            "resource_group_name": "Anh-DevOps",
            "storage_data_disk": [],
            "storage_image_reference": [
              {
                "id": "",
                "offer": "CentOS",
                "publisher": "OpenLogic",
                "sku": "7.7",
                "version": "latest"
              }
            ],
            "storage_os_disk": [
              {
                "caching": "ReadWrite",
                "create_option": "FromImage",
                "disk_size_gb": 30,
                "image_uri": "",
                "managed_disk_id": "/subscriptions/d0767e87-e2a6-4477-a762-768ce1367057/resourceGroups/ANH-DEVOPS/providers/Microsoft.Compute/disks/osdisk-jenkins-0",
                "managed_disk_type": "Premium_LRS",
                "name": "osdisk-jenkins-0",
                "os_type": "Linux",
                "vhd_uri": "",
                "write_accelerator_enabled": false
              }
            ],
            "tags": {
              "environment": "dev"
            },
            "timeouts": null,
            "vm_size": "Standard_B2s",
            "zones": null
          },
          "private": "eyJlMmJmYjczMC1lY2FhLTExZTYtOGY4OC0zNDM2M2JjN2M0YzAiOnsiY3JlYXRlIjozNjAwMDAwMDAwMDAwLCJkZWxldGUiOjM2MDAwMDAwMDAwMDAsInJlYWQiOjMwMDAwMDAwMDAwMCwidXBkYXRlIjozNjAwMDAwMDAwMDAwfX0=",
          "dependencies": [
            "azurerm_resource_group.devops",
            "module.jenkins_vm.azurerm_availability_set.vm",
            "module.jenkins_vm.azurerm_network_interface.vm",
            "module.jenkins_vm.azurerm_public_ip.vm",
            "module.jenkins_vm.azurerm_storage_account.vm-sa",
            "module.vnet.azurerm_subnet.subnet",
            "module.vnet.azurerm_virtual_network.vnet"
          ]
        }
      ]
    },
    {
      "module": "module.webserver_vm",
      "mode": "managed",
      "type": "azurerm_virtual_machine",
      "name": "vm-windows",
      "each": "list",
      "provider": "provider.azurerm",
      "instances": []
    },
    {
      "module": "module.jenkins_vm",
      "mode": "managed",
      "type": "azurerm_virtual_machine",
      "name": "vm-windows",
      "each": "list",
      "provider": "provider.azurerm",
      "instances": []
    },
    {
      "module": "module.vnet",
      "mode": "managed",
      "type": "azurerm_virtual_network",
      "name": "vnet",
      "provider": "provider.azurerm",
      "instances": [
        {
          "schema_version": 0,
          "attributes": {
            "address_space": [
              "192.168.0.0/16"
            ],
            "ddos_protection_plan": [],
            "dns_servers": [],
            "guid": "4ba1b57a-4319-4964-b3bb-13364322aed2",
            "id": "/subscriptions/d0767e87-e2a6-4477-a762-768ce1367057/resourceGroups/Anh-DevOps/providers/Microsoft.Network/virtualNetworks/devops_vnet",
            "location": "southeastasia",
            "name": "devops_vnet",
            "resource_group_name": "Anh-DevOps",
            "subnet": [],
            "tags": {
              "environment": "dev"
            },
            "timeouts": null
          },
          "private": "eyJlMmJmYjczMC1lY2FhLTExZTYtOGY4OC0zNDM2M2JjN2M0YzAiOnsiY3JlYXRlIjoxODAwMDAwMDAwMDAwLCJkZWxldGUiOjE4MDAwMDAwMDAwMDAsInJlYWQiOjMwMDAwMDAwMDAwMCwidXBkYXRlIjoxODAwMDAwMDAwMDAwfX0=",
          "dependencies": [
            "azurerm_resource_group.devops"
          ]
        }
      ]
    },
    {
      "mode": "managed",
      "type": "local_file",
      "name": "AnsibleInventory",
      "provider": "provider.local",
      "instances": [
        {
          "schema_version": 0,
          "attributes": {
            "content": "[jenkins]\n52.163.208.186 ansible_ssh_user=matdecha ansible_ssh_private_key_file=.ssh/ssh-key.pem\n\n[webserver]\n13.76.171.75 ansible_ssh_user=matdecha ansible_ssh_private_key_file=.ssh/ssh-key.pem",
            "content_base64": null,
            "directory_permission": "0777",
            "file_permission": "0777",
            "filename": "../ansible-demo/hosts.txt",
            "id": "919d2158b04a726bb16e8c59f347f22c6680865f",
            "sensitive_content": null
          },
          "private": "bnVsbA==",
          "dependencies": [
            "azurerm_resource_group.devops",
            "module.jenkins_vm.azurerm_public_ip.vm",
            "module.webserver_vm.azurerm_public_ip.vm"
          ]
        }
      ]
    },
    {
      "module": "module.webserver_vm",
      "mode": "managed",
      "type": "random_id",
      "name": "vm-sa",
      "provider": "provider.random",
      "instances": [
        {
          "schema_version": 0,
          "attributes": {
            "b64": "PNqyxLqC",
            "b64_std": "PNqyxLqC",
            "b64_url": "PNqyxLqC",
            "byte_length": 6,
            "dec": "66909999774338",
            "hex": "3cdab2c4ba82",
            "id": "PNqyxLqC",
            "keepers": {
              "vm_hostname": "webserver"
            },
            "prefix": null
          },
          "private": "bnVsbA=="
        }
      ]
    },
    {
      "module": "module.jenkins_vm",
      "mode": "managed",
      "type": "random_id",
      "name": "vm-sa",
      "provider": "provider.random",
      "instances": [
        {
          "schema_version": 0,
          "attributes": {
            "b64": "qET2EphR",
            "b64_std": "qET2EphR",
            "b64_url": "qET2EphR",
            "byte_length": 6,
            "dec": "185014139656273",
            "hex": "a844f6129851",
            "id": "qET2EphR",
            "keepers": {
              "vm_hostname": "jenkins"
            },
            "prefix": null
          },
          "private": "bnVsbA=="
        }
      ]
    }
  ]
}
