{
  "version": 4,
  "terraform_version": "0.12.24",
  "serial": 315,
  "lineage": "3ae220ee-5f6f-3597-1264-b22052128303",
  "outputs": {
    "jenkins_vm_public_ips": {
      "value": [
        "52.187.125.123"
      ],
      "type": [
        "tuple",
        [
          "string"
        ]
      ]
    },
    "jenkins_vm_url": {
      "value": "http://52.187.125.123:8080",
      "type": "string"
    },
    "webserver-vm_public_ips": {
      "value": [
        "52.187.125.130"
      ],
      "type": [
        "tuple",
        [
          "string"
        ]
      ]
    },
    "webserver-vm_url": {
      "value": "http://52.187.125.130",
      "type": "string"
    }
  },
  "resources": [
    {
      "module": "module.jenkins-nsg",
      "mode": "data",
      "type": "azurerm_resource_group",
      "name": "nsg",
      "provider": "provider.azurerm",
      "instances": [
        {
          "schema_version": 0,
          "attributes": {
            "id": "/subscriptions/ab98a41c-62e7-4873-b479-125537eea0cd/resourceGroups/Anh-DevOps-Backup",
            "location": "southeastasia",
            "name": "Anh-DevOps-Backup",
            "tags": {},
            "timeouts": null
          }
        }
      ]
    },
    {
      "module": "module.webserver-nsg",
      "mode": "data",
      "type": "azurerm_resource_group",
      "name": "nsg",
      "provider": "provider.azurerm",
      "instances": [
        {
          "schema_version": 0,
          "attributes": {
            "id": "/subscriptions/ab98a41c-62e7-4873-b479-125537eea0cd/resourceGroups/Anh-DevOps-Backup",
            "location": "southeastasia",
            "name": "Anh-DevOps-Backup",
            "tags": {},
            "timeouts": null
          }
        }
      ]
    },
    {
      "module": "module.jenkins-vm",
      "mode": "data",
      "type": "azurerm_resource_group",
      "name": "vm",
      "provider": "provider.azurerm",
      "instances": [
        {
          "schema_version": 0,
          "attributes": {
            "id": "/subscriptions/ab98a41c-62e7-4873-b479-125537eea0cd/resourceGroups/Anh-DevOps-Backup",
            "location": "southeastasia",
            "name": "Anh-DevOps-Backup",
            "tags": {},
            "timeouts": null
          }
        }
      ]
    },
    {
      "module": "module.webserver-vm",
      "mode": "data",
      "type": "azurerm_resource_group",
      "name": "vm",
      "provider": "provider.azurerm",
      "instances": [
        {
          "schema_version": 0,
          "attributes": {
            "id": "/subscriptions/ab98a41c-62e7-4873-b479-125537eea0cd/resourceGroups/Anh-DevOps-Backup",
            "location": "southeastasia",
            "name": "Anh-DevOps-Backup",
            "tags": {},
            "timeouts": null
          }
        }
      ]
    },
    {
      "module": "module.vnet",
      "mode": "data",
      "type": "azurerm_resource_group",
      "name": "vnet",
      "provider": "provider.azurerm",
      "instances": [
        {
          "schema_version": 0,
          "attributes": {
            "id": "/subscriptions/ab98a41c-62e7-4873-b479-125537eea0cd/resourceGroups/Anh-DevOps-Backup",
            "location": "southeastasia",
            "name": "Anh-DevOps-Backup",
            "tags": {},
            "timeouts": null
          }
        }
      ]
    },
    {
      "module": "module.vnet",
      "mode": "data",
      "type": "azurerm_subnet",
      "name": "import",
      "each": "map",
      "provider": "provider.azurerm",
      "instances": [
        {
          "index_key": "subnet-a",
          "schema_version": 0,
          "attributes": {
            "address_prefix": "192.168.0.0/24",
            "enforce_private_link_endpoint_network_policies": false,
            "enforce_private_link_service_network_policies": false,
            "id": "/subscriptions/ab98a41c-62e7-4873-b479-125537eea0cd/resourceGroups/Anh-DevOps-Backup/providers/Microsoft.Network/virtualNetworks/devops-vnet/subnets/subnet-a",
            "name": "subnet-a",
            "network_security_group_id": "",
            "resource_group_name": "Anh-DevOps-Backup",
            "route_table_id": "",
            "service_endpoints": [],
            "timeouts": null,
            "virtual_network_name": "devops-vnet"
          }
        },
        {
          "index_key": "subnet-b",
          "schema_version": 0,
          "attributes": {
            "address_prefix": "192.168.1.0/24",
            "enforce_private_link_endpoint_network_policies": false,
            "enforce_private_link_service_network_policies": false,
            "id": "/subscriptions/ab98a41c-62e7-4873-b479-125537eea0cd/resourceGroups/Anh-DevOps-Backup/providers/Microsoft.Network/virtualNetworks/devops-vnet/subnets/subnet-b",
            "name": "subnet-b",
            "network_security_group_id": "",
            "resource_group_name": "Anh-DevOps-Backup",
            "route_table_id": "",
            "service_endpoints": [],
            "timeouts": null,
            "virtual_network_name": "devops-vnet"
          }
        }
      ]
    },
    {
      "module": "module.jenkins-vm",
      "mode": "managed",
      "type": "azurerm_availability_set",
      "name": "vm",
      "provider": "provider.azurerm",
      "instances": [
        {
          "schema_version": 0,
          "attributes": {
            "id": "/subscriptions/ab98a41c-62e7-4873-b479-125537eea0cd/resourceGroups/Anh-DevOps-Backup/providers/Microsoft.Compute/availabilitySets/jenkins-vm-avset",
            "location": "southeastasia",
            "managed": true,
            "name": "jenkins-vm-avset",
            "platform_fault_domain_count": 2,
            "platform_update_domain_count": 2,
            "proximity_placement_group_id": null,
            "resource_group_name": "Anh-DevOps-Backup",
            "tags": {
              "costcenter": "it",
              "environment": "dev"
            },
            "timeouts": null
          },
          "private": "eyJlMmJmYjczMC1lY2FhLTExZTYtOGY4OC0zNDM2M2JjN2M0YzAiOnsiY3JlYXRlIjoxODAwMDAwMDAwMDAwLCJkZWxldGUiOjE4MDAwMDAwMDAwMDAsInJlYWQiOjMwMDAwMDAwMDAwMCwidXBkYXRlIjoxODAwMDAwMDAwMDAwfX0=",
          "dependencies": [
            "azurerm_resource_group.devops"
          ]
        }
      ]
    },
    {
      "module": "module.webserver-vm",
      "mode": "managed",
      "type": "azurerm_availability_set",
      "name": "vm",
      "provider": "provider.azurerm",
      "instances": [
        {
          "schema_version": 0,
          "attributes": {
            "id": "/subscriptions/ab98a41c-62e7-4873-b479-125537eea0cd/resourceGroups/Anh-DevOps-Backup/providers/Microsoft.Compute/availabilitySets/webserver-vm-avset",
            "location": "southeastasia",
            "managed": true,
            "name": "webserver-vm-avset",
            "platform_fault_domain_count": 2,
            "platform_update_domain_count": 2,
            "proximity_placement_group_id": null,
            "resource_group_name": "Anh-DevOps-Backup",
            "tags": {
              "costcenter": "it",
              "environment": "dev"
            },
            "timeouts": null
          },
          "private": "eyJlMmJmYjczMC1lY2FhLTExZTYtOGY4OC0zNDM2M2JjN2M0YzAiOnsiY3JlYXRlIjoxODAwMDAwMDAwMDAwLCJkZWxldGUiOjE4MDAwMDAwMDAwMDAsInJlYWQiOjMwMDAwMDAwMDAwMCwidXBkYXRlIjoxODAwMDAwMDAwMDAwfX0=",
          "dependencies": [
            "azurerm_resource_group.devops"
          ]
        }
      ]
    },
    {
      "module": "module.jenkins-vm",
      "mode": "managed",
      "type": "azurerm_network_interface",
      "name": "vm",
      "each": "list",
      "provider": "provider.azurerm",
      "instances": [
        {
          "index_key": 0,
          "schema_version": 0,
          "attributes": {
            "applied_dns_servers": [],
            "dns_servers": [],
            "enable_accelerated_networking": false,
            "enable_ip_forwarding": false,
            "id": "/subscriptions/ab98a41c-62e7-4873-b479-125537eea0cd/resourceGroups/Anh-DevOps-Backup/providers/Microsoft.Network/networkInterfaces/jenkins-vm-nic-0",
            "internal_dns_name_label": "",
            "ip_configuration": [
              {
                "name": "jenkins-vm-ip-0",
                "primary": true,
                "private_ip_address": "192.168.0.4",
                "private_ip_address_allocation": "Dynamic",
                "private_ip_address_version": "IPv4",
                "public_ip_address_id": "/subscriptions/ab98a41c-62e7-4873-b479-125537eea0cd/resourceGroups/Anh-DevOps-Backup/providers/Microsoft.Network/publicIPAddresses/jenkins-vm-pip-0",
                "subnet_id": "/subscriptions/ab98a41c-62e7-4873-b479-125537eea0cd/resourceGroups/Anh-DevOps-Backup/providers/Microsoft.Network/virtualNetworks/devops-vnet/subnets/subnet-a"
              }
            ],
            "location": "southeastasia",
            "mac_address": "",
            "name": "jenkins-vm-nic-0",
            "private_ip_address": "192.168.0.4",
            "private_ip_addresses": [
              "192.168.0.4"
            ],
            "resource_group_name": "Anh-DevOps-Backup",
            "tags": {
              "costcenter": "it",
              "environment": "dev"
            },
            "timeouts": null,
            "virtual_machine_id": ""
          },
          "private": "eyJlMmJmYjczMC1lY2FhLTExZTYtOGY4OC0zNDM2M2JjN2M0YzAiOnsiY3JlYXRlIjoxODAwMDAwMDAwMDAwLCJkZWxldGUiOjE4MDAwMDAwMDAwMDAsInJlYWQiOjMwMDAwMDAwMDAwMCwidXBkYXRlIjoxODAwMDAwMDAwMDAwfX0=",
          "dependencies": [
            "azurerm_resource_group.devops",
            "module.jenkins-vm.azurerm_public_ip.vm",
            "module.vnet.azurerm_subnet.subnet",
            "module.vnet.azurerm_virtual_network.vnet"
          ]
        }
      ]
    },
    {
      "module": "module.webserver-vm",
      "mode": "managed",
      "type": "azurerm_network_interface",
      "name": "vm",
      "each": "list",
      "provider": "provider.azurerm",
      "instances": [
        {
          "index_key": 0,
          "schema_version": 0,
          "attributes": {
            "applied_dns_servers": [],
            "dns_servers": [],
            "enable_accelerated_networking": false,
            "enable_ip_forwarding": false,
            "id": "/subscriptions/ab98a41c-62e7-4873-b479-125537eea0cd/resourceGroups/Anh-DevOps-Backup/providers/Microsoft.Network/networkInterfaces/webserver-vm-nic-0",
            "internal_dns_name_label": "",
            "ip_configuration": [
              {
                "name": "webserver-vm-ip-0",
                "primary": true,
                "private_ip_address": "192.168.1.4",
                "private_ip_address_allocation": "Dynamic",
                "private_ip_address_version": "IPv4",
                "public_ip_address_id": "/subscriptions/ab98a41c-62e7-4873-b479-125537eea0cd/resourceGroups/Anh-DevOps-Backup/providers/Microsoft.Network/publicIPAddresses/webserver-vm-pip-0",
                "subnet_id": "/subscriptions/ab98a41c-62e7-4873-b479-125537eea0cd/resourceGroups/Anh-DevOps-Backup/providers/Microsoft.Network/virtualNetworks/devops-vnet/subnets/subnet-b"
              }
            ],
            "location": "southeastasia",
            "mac_address": "",
            "name": "webserver-vm-nic-0",
            "private_ip_address": "192.168.1.4",
            "private_ip_addresses": [
              "192.168.1.4"
            ],
            "resource_group_name": "Anh-DevOps-Backup",
            "tags": {
              "costcenter": "it",
              "environment": "dev"
            },
            "timeouts": null,
            "virtual_machine_id": ""
          },
          "private": "eyJlMmJmYjczMC1lY2FhLTExZTYtOGY4OC0zNDM2M2JjN2M0YzAiOnsiY3JlYXRlIjoxODAwMDAwMDAwMDAwLCJkZWxldGUiOjE4MDAwMDAwMDAwMDAsInJlYWQiOjMwMDAwMDAwMDAwMCwidXBkYXRlIjoxODAwMDAwMDAwMDAwfX0=",
          "dependencies": [
            "azurerm_resource_group.devops",
            "module.vnet.azurerm_subnet.subnet",
            "module.vnet.azurerm_virtual_network.vnet",
            "module.webserver-vm.azurerm_public_ip.vm"
          ]
        }
      ]
    },
    {
      "module": "module.jenkins-vm",
      "mode": "managed",
      "type": "azurerm_network_interface_security_group_association",
      "name": "test",
      "each": "list",
      "provider": "provider.azurerm",
      "instances": [
        {
          "index_key": 0,
          "schema_version": 0,
          "attributes": {
            "id": "/subscriptions/ab98a41c-62e7-4873-b479-125537eea0cd/resourceGroups/Anh-DevOps-Backup/providers/Microsoft.Network/networkInterfaces/jenkins-vm-nic-0|/subscriptions/ab98a41c-62e7-4873-b479-125537eea0cd/resourceGroups/Anh-DevOps-Backup/providers/Microsoft.Network/networkSecurityGroups/jenkins-vm-nsg",
            "network_interface_id": "/subscriptions/ab98a41c-62e7-4873-b479-125537eea0cd/resourceGroups/Anh-DevOps-Backup/providers/Microsoft.Network/networkInterfaces/jenkins-vm-nic-0",
            "network_security_group_id": "/subscriptions/ab98a41c-62e7-4873-b479-125537eea0cd/resourceGroups/Anh-DevOps-Backup/providers/Microsoft.Network/networkSecurityGroups/jenkins-vm-nsg",
            "timeouts": null
          },
          "private": "eyJlMmJmYjczMC1lY2FhLTExZTYtOGY4OC0zNDM2M2JjN2M0YzAiOnsiY3JlYXRlIjoxODAwMDAwMDAwMDAwLCJkZWxldGUiOjE4MDAwMDAwMDAwMDAsInJlYWQiOjMwMDAwMDAwMDAwMCwidXBkYXRlIjoxODAwMDAwMDAwMDAwfX0=",
          "dependencies": [
            "azurerm_resource_group.devops",
            "module.jenkins-vm.azurerm_network_interface.vm",
            "module.jenkins-vm.azurerm_network_security_group.vm",
            "module.jenkins-vm.azurerm_public_ip.vm",
            "module.vnet.azurerm_subnet.subnet",
            "module.vnet.azurerm_virtual_network.vnet"
          ]
        }
      ]
    },
    {
      "module": "module.webserver-vm",
      "mode": "managed",
      "type": "azurerm_network_interface_security_group_association",
      "name": "test",
      "each": "list",
      "provider": "provider.azurerm",
      "instances": [
        {
          "index_key": 0,
          "schema_version": 0,
          "attributes": {
            "id": "/subscriptions/ab98a41c-62e7-4873-b479-125537eea0cd/resourceGroups/Anh-DevOps-Backup/providers/Microsoft.Network/networkInterfaces/webserver-vm-nic-0|/subscriptions/ab98a41c-62e7-4873-b479-125537eea0cd/resourceGroups/Anh-DevOps-Backup/providers/Microsoft.Network/networkSecurityGroups/webserver-vm-nsg",
            "network_interface_id": "/subscriptions/ab98a41c-62e7-4873-b479-125537eea0cd/resourceGroups/Anh-DevOps-Backup/providers/Microsoft.Network/networkInterfaces/webserver-vm-nic-0",
            "network_security_group_id": "/subscriptions/ab98a41c-62e7-4873-b479-125537eea0cd/resourceGroups/Anh-DevOps-Backup/providers/Microsoft.Network/networkSecurityGroups/webserver-vm-nsg",
            "timeouts": null
          },
          "private": "eyJlMmJmYjczMC1lY2FhLTExZTYtOGY4OC0zNDM2M2JjN2M0YzAiOnsiY3JlYXRlIjoxODAwMDAwMDAwMDAwLCJkZWxldGUiOjE4MDAwMDAwMDAwMDAsInJlYWQiOjMwMDAwMDAwMDAwMCwidXBkYXRlIjoxODAwMDAwMDAwMDAwfX0=",
          "dependencies": [
            "azurerm_resource_group.devops",
            "module.vnet.azurerm_subnet.subnet",
            "module.vnet.azurerm_virtual_network.vnet",
            "module.webserver-vm.azurerm_network_interface.vm",
            "module.webserver-vm.azurerm_network_security_group.vm",
            "module.webserver-vm.azurerm_public_ip.vm"
          ]
        }
      ]
    },
    {
      "module": "module.jenkins-nsg",
      "mode": "managed",
      "type": "azurerm_network_security_group",
      "name": "nsg",
      "provider": "provider.azurerm",
      "instances": [
        {
          "schema_version": 0,
          "attributes": {
            "id": "/subscriptions/ab98a41c-62e7-4873-b479-125537eea0cd/resourceGroups/Anh-DevOps-Backup/providers/Microsoft.Network/networkSecurityGroups/jenkins-nsg",
            "location": "southeastasia",
            "name": "jenkins-nsg",
            "resource_group_name": "Anh-DevOps-Backup",
            "security_rule": [],
            "tags": {
              "costcenter": "it",
              "environment": "dev"
            },
            "timeouts": null
          },
          "private": "eyJlMmJmYjczMC1lY2FhLTExZTYtOGY4OC0zNDM2M2JjN2M0YzAiOnsiY3JlYXRlIjoxODAwMDAwMDAwMDAwLCJkZWxldGUiOjE4MDAwMDAwMDAwMDAsInJlYWQiOjMwMDAwMDAwMDAwMCwidXBkYXRlIjoxODAwMDAwMDAwMDAwfX0=",
          "dependencies": [
            "azurerm_resource_group.devops"
          ]
        }
      ]
    },
    {
      "module": "module.webserver-nsg",
      "mode": "managed",
      "type": "azurerm_network_security_group",
      "name": "nsg",
      "provider": "provider.azurerm",
      "instances": [
        {
          "schema_version": 0,
          "attributes": {
            "id": "/subscriptions/ab98a41c-62e7-4873-b479-125537eea0cd/resourceGroups/Anh-DevOps-Backup/providers/Microsoft.Network/networkSecurityGroups/webserver-nsg",
            "location": "southeastasia",
            "name": "webserver-nsg",
            "resource_group_name": "Anh-DevOps-Backup",
            "security_rule": [],
            "tags": {
              "costcenter": "it",
              "environment": "dev"
            },
            "timeouts": null
          },
          "private": "eyJlMmJmYjczMC1lY2FhLTExZTYtOGY4OC0zNDM2M2JjN2M0YzAiOnsiY3JlYXRlIjoxODAwMDAwMDAwMDAwLCJkZWxldGUiOjE4MDAwMDAwMDAwMDAsInJlYWQiOjMwMDAwMDAwMDAwMCwidXBkYXRlIjoxODAwMDAwMDAwMDAwfX0=",
          "dependencies": [
            "azurerm_resource_group.devops"
          ]
        }
      ]
    },
    {
      "module": "module.jenkins-vm",
      "mode": "managed",
      "type": "azurerm_network_security_group",
      "name": "vm",
      "provider": "provider.azurerm",
      "instances": [
        {
          "schema_version": 0,
          "attributes": {
            "id": "/subscriptions/ab98a41c-62e7-4873-b479-125537eea0cd/resourceGroups/Anh-DevOps-Backup/providers/Microsoft.Network/networkSecurityGroups/jenkins-vm-nsg",
            "location": "southeastasia",
            "name": "jenkins-vm-nsg",
            "resource_group_name": "Anh-DevOps-Backup",
            "security_rule": [],
            "tags": {
              "costcenter": "it",
              "environment": "dev"
            },
            "timeouts": null
          },
          "private": "eyJlMmJmYjczMC1lY2FhLTExZTYtOGY4OC0zNDM2M2JjN2M0YzAiOnsiY3JlYXRlIjoxODAwMDAwMDAwMDAwLCJkZWxldGUiOjE4MDAwMDAwMDAwMDAsInJlYWQiOjMwMDAwMDAwMDAwMCwidXBkYXRlIjoxODAwMDAwMDAwMDAwfX0=",
          "dependencies": [
            "azurerm_resource_group.devops"
          ]
        }
      ]
    },
    {
      "module": "module.webserver-vm",
      "mode": "managed",
      "type": "azurerm_network_security_group",
      "name": "vm",
      "provider": "provider.azurerm",
      "instances": [
        {
          "schema_version": 0,
          "attributes": {
            "id": "/subscriptions/ab98a41c-62e7-4873-b479-125537eea0cd/resourceGroups/Anh-DevOps-Backup/providers/Microsoft.Network/networkSecurityGroups/webserver-vm-nsg",
            "location": "southeastasia",
            "name": "webserver-vm-nsg",
            "resource_group_name": "Anh-DevOps-Backup",
            "security_rule": [],
            "tags": {
              "costcenter": "it",
              "environment": "dev"
            },
            "timeouts": null
          },
          "private": "eyJlMmJmYjczMC1lY2FhLTExZTYtOGY4OC0zNDM2M2JjN2M0YzAiOnsiY3JlYXRlIjoxODAwMDAwMDAwMDAwLCJkZWxldGUiOjE4MDAwMDAwMDAwMDAsInJlYWQiOjMwMDAwMDAwMDAwMCwidXBkYXRlIjoxODAwMDAwMDAwMDAwfX0=",
          "dependencies": [
            "azurerm_resource_group.devops"
          ]
        }
      ]
    },
    {
      "module": "module.jenkins-nsg",
      "mode": "managed",
      "type": "azurerm_network_security_rule",
      "name": "custom_rules",
      "each": "list",
      "provider": "provider.azurerm",
      "instances": [
        {
          "index_key": 0,
          "schema_version": 0,
          "attributes": {
            "access": "Allow",
            "description": "Jenkins_8080",
            "destination_address_prefix": "*",
            "destination_address_prefixes": null,
            "destination_application_security_group_ids": null,
            "destination_port_range": "",
            "destination_port_ranges": [
              "8080"
            ],
            "direction": "Inbound",
            "id": "/subscriptions/ab98a41c-62e7-4873-b479-125537eea0cd/resourceGroups/Anh-DevOps-Backup/providers/Microsoft.Network/networkSecurityGroups/jenkins-nsg/securityRules/Jenkins_8080",
            "name": "Jenkins_8080",
            "network_security_group_name": "jenkins-nsg",
            "priority": 510,
            "protocol": "tcp",
            "resource_group_name": "Anh-DevOps-Backup",
            "source_address_prefix": "*",
            "source_address_prefixes": null,
            "source_application_security_group_ids": null,
            "source_port_range": "",
            "source_port_ranges": [
              "0-65535"
            ],
            "timeouts": null
          },
          "private": "eyJlMmJmYjczMC1lY2FhLTExZTYtOGY4OC0zNDM2M2JjN2M0YzAiOnsiY3JlYXRlIjoxODAwMDAwMDAwMDAwLCJkZWxldGUiOjE4MDAwMDAwMDAwMDAsInJlYWQiOjMwMDAwMDAwMDAwMCwidXBkYXRlIjoxODAwMDAwMDAwMDAwfX0=",
          "dependencies": [
            "azurerm_resource_group.devops",
            "module.jenkins-nsg.azurerm_network_security_group.nsg"
          ]
        }
      ]
    },
    {
      "module": "module.webserver-nsg",
      "mode": "managed",
      "type": "azurerm_network_security_rule",
      "name": "custom_rules",
      "each": "list",
      "provider": "provider.azurerm",
      "instances": [
        {
          "index_key": 0,
          "schema_version": 0,
          "attributes": {
            "access": "Allow",
            "description": "phpmyadmin_3333",
            "destination_address_prefix": "*",
            "destination_address_prefixes": null,
            "destination_application_security_group_ids": null,
            "destination_port_range": "",
            "destination_port_ranges": [
              "3333"
            ],
            "direction": "Inbound",
            "id": "/subscriptions/ab98a41c-62e7-4873-b479-125537eea0cd/resourceGroups/Anh-DevOps-Backup/providers/Microsoft.Network/networkSecurityGroups/webserver-nsg/securityRules/phpmyadmin_3333",
            "name": "phpmyadmin_3333",
            "network_security_group_name": "webserver-nsg",
            "priority": 530,
            "protocol": "tcp",
            "resource_group_name": "Anh-DevOps-Backup",
            "source_address_prefix": "*",
            "source_address_prefixes": null,
            "source_application_security_group_ids": null,
            "source_port_range": "",
            "source_port_ranges": [
              "0-65535"
            ],
            "timeouts": null
          },
          "private": "eyJlMmJmYjczMC1lY2FhLTExZTYtOGY4OC0zNDM2M2JjN2M0YzAiOnsiY3JlYXRlIjoxODAwMDAwMDAwMDAwLCJkZWxldGUiOjE4MDAwMDAwMDAwMDAsInJlYWQiOjMwMDAwMDAwMDAwMCwidXBkYXRlIjoxODAwMDAwMDAwMDAwfX0=",
          "dependencies": [
            "azurerm_resource_group.devops",
            "module.webserver-nsg.azurerm_network_security_group.nsg"
          ]
        }
      ]
    },
    {
      "module": "module.jenkins-nsg",
      "mode": "managed",
      "type": "azurerm_network_security_rule",
      "name": "predefined_rules",
      "each": "list",
      "provider": "provider.azurerm",
      "instances": [
        {
          "index_key": 0,
          "schema_version": 0,
          "attributes": {
            "access": "Allow",
            "description": "SSH",
            "destination_address_prefix": "*",
            "destination_address_prefixes": null,
            "destination_application_security_group_ids": null,
            "destination_port_range": "22",
            "destination_port_ranges": null,
            "direction": "Inbound",
            "id": "/subscriptions/ab98a41c-62e7-4873-b479-125537eea0cd/resourceGroups/Anh-DevOps-Backup/providers/Microsoft.Network/networkSecurityGroups/jenkins-nsg/securityRules/SSH",
            "name": "SSH",
            "network_security_group_name": "jenkins-nsg",
            "priority": 500,
            "protocol": "TCP",
            "resource_group_name": "Anh-DevOps-Backup",
            "source_address_prefix": "*",
            "source_address_prefixes": null,
            "source_application_security_group_ids": null,
            "source_port_range": "",
            "source_port_ranges": [
              "0-65535"
            ],
            "timeouts": null
          },
          "private": "eyJlMmJmYjczMC1lY2FhLTExZTYtOGY4OC0zNDM2M2JjN2M0YzAiOnsiY3JlYXRlIjoxODAwMDAwMDAwMDAwLCJkZWxldGUiOjE4MDAwMDAwMDAwMDAsInJlYWQiOjMwMDAwMDAwMDAwMCwidXBkYXRlIjoxODAwMDAwMDAwMDAwfX0=",
          "dependencies": [
            "azurerm_resource_group.devops",
            "module.jenkins-nsg.azurerm_network_security_group.nsg"
          ]
        }
      ]
    },
    {
      "module": "module.webserver-nsg",
      "mode": "managed",
      "type": "azurerm_network_security_rule",
      "name": "predefined_rules",
      "each": "list",
      "provider": "provider.azurerm",
      "instances": [
        {
          "index_key": 0,
          "schema_version": 0,
          "attributes": {
            "access": "Allow",
            "description": "SSH",
            "destination_address_prefix": "*",
            "destination_address_prefixes": null,
            "destination_application_security_group_ids": null,
            "destination_port_range": "22",
            "destination_port_ranges": null,
            "direction": "Inbound",
            "id": "/subscriptions/ab98a41c-62e7-4873-b479-125537eea0cd/resourceGroups/Anh-DevOps-Backup/providers/Microsoft.Network/networkSecurityGroups/webserver-nsg/securityRules/SSH",
            "name": "SSH",
            "network_security_group_name": "webserver-nsg",
            "priority": 500,
            "protocol": "TCP",
            "resource_group_name": "Anh-DevOps-Backup",
            "source_address_prefix": "*",
            "source_address_prefixes": null,
            "source_application_security_group_ids": null,
            "source_port_range": "",
            "source_port_ranges": [
              "0-65535"
            ],
            "timeouts": null
          },
          "private": "eyJlMmJmYjczMC1lY2FhLTExZTYtOGY4OC0zNDM2M2JjN2M0YzAiOnsiY3JlYXRlIjoxODAwMDAwMDAwMDAwLCJkZWxldGUiOjE4MDAwMDAwMDAwMDAsInJlYWQiOjMwMDAwMDAwMDAwMCwidXBkYXRlIjoxODAwMDAwMDAwMDAwfX0=",
          "dependencies": [
            "azurerm_resource_group.devops",
            "module.webserver-nsg.azurerm_network_security_group.nsg"
          ]
        },
        {
          "index_key": 1,
          "schema_version": 0,
          "attributes": {
            "access": "Allow",
            "description": "HTTP",
            "destination_address_prefix": "*",
            "destination_address_prefixes": null,
            "destination_application_security_group_ids": null,
            "destination_port_range": "80",
            "destination_port_ranges": null,
            "direction": "Inbound",
            "id": "/subscriptions/ab98a41c-62e7-4873-b479-125537eea0cd/resourceGroups/Anh-DevOps-Backup/providers/Microsoft.Network/networkSecurityGroups/webserver-nsg/securityRules/HTTP",
            "name": "HTTP",
            "network_security_group_name": "webserver-nsg",
            "priority": 510,
            "protocol": "TCP",
            "resource_group_name": "Anh-DevOps-Backup",
            "source_address_prefix": "*",
            "source_address_prefixes": null,
            "source_application_security_group_ids": null,
            "source_port_range": "",
            "source_port_ranges": [
              "0-65535"
            ],
            "timeouts": null
          },
          "private": "eyJlMmJmYjczMC1lY2FhLTExZTYtOGY4OC0zNDM2M2JjN2M0YzAiOnsiY3JlYXRlIjoxODAwMDAwMDAwMDAwLCJkZWxldGUiOjE4MDAwMDAwMDAwMDAsInJlYWQiOjMwMDAwMDAwMDAwMCwidXBkYXRlIjoxODAwMDAwMDAwMDAwfX0=",
          "dependencies": [
            "azurerm_resource_group.devops",
            "module.webserver-nsg.azurerm_network_security_group.nsg"
          ]
        },
        {
          "index_key": 2,
          "schema_version": 0,
          "attributes": {
            "access": "Allow",
            "description": "HTTPS",
            "destination_address_prefix": "*",
            "destination_address_prefixes": null,
            "destination_application_security_group_ids": null,
            "destination_port_range": "443",
            "destination_port_ranges": null,
            "direction": "Inbound",
            "id": "/subscriptions/ab98a41c-62e7-4873-b479-125537eea0cd/resourceGroups/Anh-DevOps-Backup/providers/Microsoft.Network/networkSecurityGroups/webserver-nsg/securityRules/HTTPS",
            "name": "HTTPS",
            "network_security_group_name": "webserver-nsg",
            "priority": 520,
            "protocol": "TCP",
            "resource_group_name": "Anh-DevOps-Backup",
            "source_address_prefix": "*",
            "source_address_prefixes": null,
            "source_application_security_group_ids": null,
            "source_port_range": "",
            "source_port_ranges": [
              "0-65535"
            ],
            "timeouts": null
          },
          "private": "eyJlMmJmYjczMC1lY2FhLTExZTYtOGY4OC0zNDM2M2JjN2M0YzAiOnsiY3JlYXRlIjoxODAwMDAwMDAwMDAwLCJkZWxldGUiOjE4MDAwMDAwMDAwMDAsInJlYWQiOjMwMDAwMDAwMDAwMCwidXBkYXRlIjoxODAwMDAwMDAwMDAwfX0=",
          "dependencies": [
            "azurerm_resource_group.devops",
            "module.webserver-nsg.azurerm_network_security_group.nsg"
          ]
        }
      ]
    },
    {
      "module": "module.jenkins-vm",
      "mode": "managed",
      "type": "azurerm_network_security_rule",
      "name": "vm",
      "provider": "provider.azurerm",
      "instances": [
        {
          "schema_version": 0,
          "attributes": {
            "access": "Allow",
            "description": "Allow remote protocol in from all locations",
            "destination_address_prefix": "*",
            "destination_address_prefixes": null,
            "destination_application_security_group_ids": null,
            "destination_port_range": "22",
            "destination_port_ranges": null,
            "direction": "Inbound",
            "id": "/subscriptions/ab98a41c-62e7-4873-b479-125537eea0cd/resourceGroups/Anh-DevOps-Backup/providers/Microsoft.Network/networkSecurityGroups/jenkins-vm-nsg/securityRules/allow_remote_22_in_all",
            "name": "allow_remote_22_in_all",
            "network_security_group_name": "jenkins-vm-nsg",
            "priority": 100,
            "protocol": "Tcp",
            "resource_group_name": "Anh-DevOps-Backup",
            "source_address_prefix": "*",
            "source_address_prefixes": null,
            "source_application_security_group_ids": null,
            "source_port_range": "*",
            "source_port_ranges": null,
            "timeouts": null
          },
          "private": "eyJlMmJmYjczMC1lY2FhLTExZTYtOGY4OC0zNDM2M2JjN2M0YzAiOnsiY3JlYXRlIjoxODAwMDAwMDAwMDAwLCJkZWxldGUiOjE4MDAwMDAwMDAwMDAsInJlYWQiOjMwMDAwMDAwMDAwMCwidXBkYXRlIjoxODAwMDAwMDAwMDAwfX0=",
          "dependencies": [
            "azurerm_resource_group.devops",
            "module.jenkins-vm.azurerm_network_security_group.vm"
          ]
        }
      ]
    },
    {
      "module": "module.webserver-vm",
      "mode": "managed",
      "type": "azurerm_network_security_rule",
      "name": "vm",
      "provider": "provider.azurerm",
      "instances": [
        {
          "schema_version": 0,
          "attributes": {
            "access": "Allow",
            "description": "Allow remote protocol in from all locations",
            "destination_address_prefix": "*",
            "destination_address_prefixes": null,
            "destination_application_security_group_ids": null,
            "destination_port_range": "22",
            "destination_port_ranges": null,
            "direction": "Inbound",
            "id": "/subscriptions/ab98a41c-62e7-4873-b479-125537eea0cd/resourceGroups/Anh-DevOps-Backup/providers/Microsoft.Network/networkSecurityGroups/webserver-vm-nsg/securityRules/allow_remote_22_in_all",
            "name": "allow_remote_22_in_all",
            "network_security_group_name": "webserver-vm-nsg",
            "priority": 100,
            "protocol": "Tcp",
            "resource_group_name": "Anh-DevOps-Backup",
            "source_address_prefix": "*",
            "source_address_prefixes": null,
            "source_application_security_group_ids": null,
            "source_port_range": "*",
            "source_port_ranges": null,
            "timeouts": null
          },
          "private": "eyJlMmJmYjczMC1lY2FhLTExZTYtOGY4OC0zNDM2M2JjN2M0YzAiOnsiY3JlYXRlIjoxODAwMDAwMDAwMDAwLCJkZWxldGUiOjE4MDAwMDAwMDAwMDAsInJlYWQiOjMwMDAwMDAwMDAwMCwidXBkYXRlIjoxODAwMDAwMDAwMDAwfX0=",
          "dependencies": [
            "azurerm_resource_group.devops",
            "module.webserver-vm.azurerm_network_security_group.vm"
          ]
        }
      ]
    },
    {
      "module": "module.jenkins-vm",
      "mode": "managed",
      "type": "azurerm_public_ip",
      "name": "vm",
      "each": "list",
      "provider": "provider.azurerm",
      "instances": [
        {
          "index_key": 0,
          "schema_version": 0,
          "attributes": {
            "allocation_method": "Static",
            "domain_name_label": null,
            "fqdn": null,
            "id": "/subscriptions/ab98a41c-62e7-4873-b479-125537eea0cd/resourceGroups/Anh-DevOps-Backup/providers/Microsoft.Network/publicIPAddresses/jenkins-vm-pip-0",
            "idle_timeout_in_minutes": 4,
            "ip_address": "52.187.125.123",
            "ip_version": "IPv4",
            "location": "southeastasia",
            "name": "jenkins-vm-pip-0",
            "public_ip_prefix_id": null,
            "resource_group_name": "Anh-DevOps-Backup",
            "reverse_fqdn": null,
            "sku": "Basic",
            "tags": {
              "costcenter": "it",
              "environment": "dev"
            },
            "timeouts": null,
            "zones": null
          },
          "private": "eyJlMmJmYjczMC1lY2FhLTExZTYtOGY4OC0zNDM2M2JjN2M0YzAiOnsiY3JlYXRlIjoxODAwMDAwMDAwMDAwLCJkZWxldGUiOjE4MDAwMDAwMDAwMDAsInJlYWQiOjMwMDAwMDAwMDAwMCwidXBkYXRlIjoxODAwMDAwMDAwMDAwfX0=",
          "dependencies": [
            "azurerm_resource_group.devops"
          ]
        }
      ]
    },
    {
      "module": "module.webserver-vm",
      "mode": "managed",
      "type": "azurerm_public_ip",
      "name": "vm",
      "each": "list",
      "provider": "provider.azurerm",
      "instances": [
        {
          "index_key": 0,
          "schema_version": 0,
          "attributes": {
            "allocation_method": "Static",
            "domain_name_label": null,
            "fqdn": null,
            "id": "/subscriptions/ab98a41c-62e7-4873-b479-125537eea0cd/resourceGroups/Anh-DevOps-Backup/providers/Microsoft.Network/publicIPAddresses/webserver-vm-pip-0",
            "idle_timeout_in_minutes": 4,
            "ip_address": "52.187.125.130",
            "ip_version": "IPv4",
            "location": "southeastasia",
            "name": "webserver-vm-pip-0",
            "public_ip_prefix_id": null,
            "resource_group_name": "Anh-DevOps-Backup",
            "reverse_fqdn": null,
            "sku": "Basic",
            "tags": {
              "costcenter": "it",
              "environment": "dev"
            },
            "timeouts": null,
            "zones": null
          },
          "private": "eyJlMmJmYjczMC1lY2FhLTExZTYtOGY4OC0zNDM2M2JjN2M0YzAiOnsiY3JlYXRlIjoxODAwMDAwMDAwMDAwLCJkZWxldGUiOjE4MDAwMDAwMDAwMDAsInJlYWQiOjMwMDAwMDAwMDAwMCwidXBkYXRlIjoxODAwMDAwMDAwMDAwfX0=",
          "dependencies": [
            "azurerm_resource_group.devops"
          ]
        }
      ]
    },
    {
      "mode": "managed",
      "type": "azurerm_resource_group",
      "name": "devops",
      "provider": "provider.azurerm",
      "instances": [
        {
          "schema_version": 0,
          "attributes": {
            "id": "/subscriptions/ab98a41c-62e7-4873-b479-125537eea0cd/resourceGroups/Anh-DevOps-Backup",
            "location": "southeastasia",
            "name": "Anh-DevOps-Backup",
            "tags": null,
            "timeouts": null
          },
          "private": "eyJlMmJmYjczMC1lY2FhLTExZTYtOGY4OC0zNDM2M2JjN2M0YzAiOnsiY3JlYXRlIjo1NDAwMDAwMDAwMDAwLCJkZWxldGUiOjU0MDAwMDAwMDAwMDAsInJlYWQiOjMwMDAwMDAwMDAwMCwidXBkYXRlIjo1NDAwMDAwMDAwMDAwfX0="
        }
      ]
    },
    {
      "module": "module.jenkins-vm",
      "mode": "managed",
      "type": "azurerm_storage_account",
      "name": "vm-sa",
      "each": "list",
      "provider": "provider.azurerm",
      "instances": []
    },
    {
      "module": "module.webserver-vm",
      "mode": "managed",
      "type": "azurerm_storage_account",
      "name": "vm-sa",
      "each": "list",
      "provider": "provider.azurerm",
      "instances": []
    },
    {
      "module": "module.vnet",
      "mode": "managed",
      "type": "azurerm_subnet",
      "name": "subnet",
      "each": "list",
      "provider": "provider.azurerm",
      "instances": [
        {
          "index_key": 0,
          "schema_version": 0,
          "attributes": {
            "address_prefix": "192.168.0.0/24",
            "delegation": [],
            "enforce_private_link_endpoint_network_policies": false,
            "enforce_private_link_service_network_policies": false,
            "id": "/subscriptions/ab98a41c-62e7-4873-b479-125537eea0cd/resourceGroups/Anh-DevOps-Backup/providers/Microsoft.Network/virtualNetworks/devops-vnet/subnets/subnet-a",
            "name": "subnet-a",
            "resource_group_name": "Anh-DevOps-Backup",
            "service_endpoints": null,
            "timeouts": null,
            "virtual_network_name": "devops-vnet"
          },
          "private": "eyJlMmJmYjczMC1lY2FhLTExZTYtOGY4OC0zNDM2M2JjN2M0YzAiOnsiY3JlYXRlIjoxODAwMDAwMDAwMDAwLCJkZWxldGUiOjE4MDAwMDAwMDAwMDAsInJlYWQiOjMwMDAwMDAwMDAwMCwidXBkYXRlIjoxODAwMDAwMDAwMDAwfX0=",
          "dependencies": [
            "azurerm_resource_group.devops",
            "module.vnet.azurerm_virtual_network.vnet"
          ]
        },
        {
          "index_key": 1,
          "schema_version": 0,
          "attributes": {
            "address_prefix": "192.168.1.0/24",
            "delegation": [],
            "enforce_private_link_endpoint_network_policies": false,
            "enforce_private_link_service_network_policies": false,
            "id": "/subscriptions/ab98a41c-62e7-4873-b479-125537eea0cd/resourceGroups/Anh-DevOps-Backup/providers/Microsoft.Network/virtualNetworks/devops-vnet/subnets/subnet-b",
            "name": "subnet-b",
            "resource_group_name": "Anh-DevOps-Backup",
            "service_endpoints": null,
            "timeouts": null,
            "virtual_network_name": "devops-vnet"
          },
          "private": "eyJlMmJmYjczMC1lY2FhLTExZTYtOGY4OC0zNDM2M2JjN2M0YzAiOnsiY3JlYXRlIjoxODAwMDAwMDAwMDAwLCJkZWxldGUiOjE4MDAwMDAwMDAwMDAsInJlYWQiOjMwMDAwMDAwMDAwMCwidXBkYXRlIjoxODAwMDAwMDAwMDAwfX0=",
          "dependencies": [
            "azurerm_resource_group.devops",
            "module.vnet.azurerm_virtual_network.vnet"
          ]
        },
        {
          "index_key": 2,
          "schema_version": 0,
          "attributes": {
            "address_prefix": "192.168.2.0/24",
            "delegation": [],
            "enforce_private_link_endpoint_network_policies": false,
            "enforce_private_link_service_network_policies": false,
            "id": "/subscriptions/ab98a41c-62e7-4873-b479-125537eea0cd/resourceGroups/Anh-DevOps-Backup/providers/Microsoft.Network/virtualNetworks/devops-vnet/subnets/subnet-c",
            "name": "subnet-c",
            "resource_group_name": "Anh-DevOps-Backup",
            "service_endpoints": null,
            "timeouts": null,
            "virtual_network_name": "devops-vnet"
          },
          "private": "eyJlMmJmYjczMC1lY2FhLTExZTYtOGY4OC0zNDM2M2JjN2M0YzAiOnsiY3JlYXRlIjoxODAwMDAwMDAwMDAwLCJkZWxldGUiOjE4MDAwMDAwMDAwMDAsInJlYWQiOjMwMDAwMDAwMDAwMCwidXBkYXRlIjoxODAwMDAwMDAwMDAwfX0=",
          "dependencies": [
            "azurerm_resource_group.devops",
            "module.vnet.azurerm_virtual_network.vnet"
          ]
        }
      ]
    },
    {
      "module": "module.vnet",
      "mode": "managed",
      "type": "azurerm_subnet_network_security_group_association",
      "name": "vnet",
      "each": "map",
      "provider": "provider.azurerm",
      "instances": [
        {
          "index_key": "subnet-a",
          "schema_version": 0,
          "attributes": {
            "id": "/subscriptions/ab98a41c-62e7-4873-b479-125537eea0cd/resourceGroups/Anh-DevOps-Backup/providers/Microsoft.Network/virtualNetworks/devops-vnet/subnets/subnet-a",
            "network_security_group_id": "/subscriptions/ab98a41c-62e7-4873-b479-125537eea0cd/resourceGroups/Anh-DevOps-Backup/providers/Microsoft.Network/networkSecurityGroups/jenkins-nsg",
            "subnet_id": "/subscriptions/ab98a41c-62e7-4873-b479-125537eea0cd/resourceGroups/Anh-DevOps-Backup/providers/Microsoft.Network/virtualNetworks/devops-vnet/subnets/subnet-a",
            "timeouts": null
          },
          "private": "eyJlMmJmYjczMC1lY2FhLTExZTYtOGY4OC0zNDM2M2JjN2M0YzAiOnsiY3JlYXRlIjoxODAwMDAwMDAwMDAwLCJkZWxldGUiOjE4MDAwMDAwMDAwMDAsInJlYWQiOjMwMDAwMDAwMDAwMCwidXBkYXRlIjoxODAwMDAwMDAwMDAwfX0=",
          "dependencies": [
            "azurerm_resource_group.devops",
            "module.jenkins-nsg.azurerm_network_security_group.nsg",
            "module.vnet.azurerm_subnet.subnet",
            "module.vnet.azurerm_virtual_network.vnet",
            "module.webserver-nsg.azurerm_network_security_group.nsg"
          ]
        },
        {
          "index_key": "subnet-b",
          "schema_version": 0,
          "attributes": {
            "id": "/subscriptions/ab98a41c-62e7-4873-b479-125537eea0cd/resourceGroups/Anh-DevOps-Backup/providers/Microsoft.Network/virtualNetworks/devops-vnet/subnets/subnet-b",
            "network_security_group_id": "/subscriptions/ab98a41c-62e7-4873-b479-125537eea0cd/resourceGroups/Anh-DevOps-Backup/providers/Microsoft.Network/networkSecurityGroups/webserver-nsg",
            "subnet_id": "/subscriptions/ab98a41c-62e7-4873-b479-125537eea0cd/resourceGroups/Anh-DevOps-Backup/providers/Microsoft.Network/virtualNetworks/devops-vnet/subnets/subnet-b",
            "timeouts": null
          },
          "private": "eyJlMmJmYjczMC1lY2FhLTExZTYtOGY4OC0zNDM2M2JjN2M0YzAiOnsiY3JlYXRlIjoxODAwMDAwMDAwMDAwLCJkZWxldGUiOjE4MDAwMDAwMDAwMDAsInJlYWQiOjMwMDAwMDAwMDAwMCwidXBkYXRlIjoxODAwMDAwMDAwMDAwfX0=",
          "dependencies": [
            "azurerm_resource_group.devops",
            "module.jenkins-nsg.azurerm_network_security_group.nsg",
            "module.vnet.azurerm_subnet.subnet",
            "module.vnet.azurerm_virtual_network.vnet",
            "module.webserver-nsg.azurerm_network_security_group.nsg"
          ]
        }
      ]
    },
    {
      "module": "module.jenkins-vm",
      "mode": "managed",
      "type": "azurerm_virtual_machine",
      "name": "vm-linux",
      "each": "list",
      "provider": "provider.azurerm",
      "instances": [
        {
          "index_key": 0,
          "schema_version": 0,
          "attributes": {
            "additional_capabilities": [],
            "availability_set_id": "/subscriptions/ab98a41c-62e7-4873-b479-125537eea0cd/resourcegroups/anh-devops-backup/providers/microsoft.compute/availabilitysets/jenkins-vm-avset",
            "boot_diagnostics": [
              {
                "enabled": false,
                "storage_uri": ""
              }
            ],
            "delete_data_disks_on_termination": false,
            "delete_os_disk_on_termination": true,
            "id": "/subscriptions/ab98a41c-62e7-4873-b479-125537eea0cd/resourceGroups/Anh-DevOps-Backup/providers/Microsoft.Compute/virtualMachines/jenkins-vm",
            "identity": [],
            "license_type": null,
            "location": "southeastasia",
            "name": "jenkins-vm",
            "network_interface_ids": [
              "/subscriptions/ab98a41c-62e7-4873-b479-125537eea0cd/resourceGroups/Anh-DevOps-Backup/providers/Microsoft.Network/networkInterfaces/jenkins-vm-nic-0"
            ],
            "os_profile": [
              {
                "admin_password": "",
                "admin_username": "matdecha",
                "computer_name": "jenkins-vm-0",
                "custom_data": "da39a3ee5e6b4b0d3255bfef95601890afd80709"
              }
            ],
            "os_profile_linux_config": [
              {
                "disable_password_authentication": true,
                "ssh_keys": [
                  {
                    "key_data": "ssh-rsa AAAAB3NzaC1yc2EAAAADAQABAAABAQCpEVR4E87OMPureQnh6g9BvyX5yItcQ8SnpUnWfUOBCizGMEM29A9Eb0G32r8LXBVFwMmSxgR52z60eJsq16c3CMhrAYbeHOVPgte3Kyys02MzRxq4UI3hukaoWu8PNNopItM85q+WoghVNuS6QzajwUE3G1WbwA3K/aG0r1ws4oA8/UGDvy0t+G1/yftEFFQsswCxe3HKTEtUicTw2qn21l9TLoiN69VJQIa6Bp3QDYCG2myXGyE7VGmR4d+1KZVKNuCdVuNBXEtpsLU+mwX2bznjpsHbz/lYhzjBiBPNsNBYqPnV9yT8MNRbq/XKZO32lpqO3Hk4BAHLOWAx3jMZ www-user@webserver-vm02\n",
                    "path": "/home/matdecha/.ssh/authorized_keys"
                  }
                ]
              }
            ],
            "os_profile_secrets": [],
            "os_profile_windows_config": [],
            "plan": [],
            "primary_network_interface_id": null,
            "proximity_placement_group_id": null,
            "resource_group_name": "Anh-DevOps-Backup",
            "storage_data_disk": [],
            "storage_image_reference": [
              {
                "id": "",
                "offer": "CentOS",
                "publisher": "OpenLogic",
                "sku": "7.7",
                "version": "latest"
              }
            ],
            "storage_os_disk": [
              {
                "caching": "ReadWrite",
                "create_option": "FromImage",
                "disk_size_gb": 30,
                "image_uri": "",
                "managed_disk_id": "/subscriptions/ab98a41c-62e7-4873-b479-125537eea0cd/resourceGroups/ANH-DEVOPS-BACKUP/providers/Microsoft.Compute/disks/osdisk-jenkins-vm-0",
                "managed_disk_type": "Premium_LRS",
                "name": "osdisk-jenkins-vm-0",
                "os_type": "Linux",
                "vhd_uri": "",
                "write_accelerator_enabled": false
              }
            ],
            "tags": {
              "costcenter": "it",
              "environment": "dev"
            },
            "timeouts": null,
            "vm_size": "Standard_B2s",
            "zones": null
          },
          "private": "eyJlMmJmYjczMC1lY2FhLTExZTYtOGY4OC0zNDM2M2JjN2M0YzAiOnsiY3JlYXRlIjozNjAwMDAwMDAwMDAwLCJkZWxldGUiOjM2MDAwMDAwMDAwMDAsInJlYWQiOjMwMDAwMDAwMDAwMCwidXBkYXRlIjozNjAwMDAwMDAwMDAwfX0=",
          "dependencies": [
            "azurerm_resource_group.devops",
            "module.jenkins-vm.azurerm_availability_set.vm",
            "module.jenkins-vm.azurerm_network_interface.vm",
            "module.jenkins-vm.azurerm_public_ip.vm",
            "module.jenkins-vm.azurerm_storage_account.vm-sa",
            "module.vnet.azurerm_subnet.subnet",
            "module.vnet.azurerm_virtual_network.vnet"
          ]
        }
      ]
    },
    {
      "module": "module.webserver-vm",
      "mode": "managed",
      "type": "azurerm_virtual_machine",
      "name": "vm-linux",
      "each": "list",
      "provider": "provider.azurerm",
      "instances": [
        {
          "index_key": 0,
          "schema_version": 0,
          "attributes": {
            "additional_capabilities": [],
            "availability_set_id": "/subscriptions/ab98a41c-62e7-4873-b479-125537eea0cd/resourcegroups/anh-devops-backup/providers/microsoft.compute/availabilitysets/webserver-vm-avset",
            "boot_diagnostics": [
              {
                "enabled": false,
                "storage_uri": ""
              }
            ],
            "delete_data_disks_on_termination": false,
            "delete_os_disk_on_termination": true,
            "id": "/subscriptions/ab98a41c-62e7-4873-b479-125537eea0cd/resourceGroups/Anh-DevOps-Backup/providers/Microsoft.Compute/virtualMachines/webserver-vm",
            "identity": [],
            "license_type": null,
            "location": "southeastasia",
            "name": "webserver-vm",
            "network_interface_ids": [
              "/subscriptions/ab98a41c-62e7-4873-b479-125537eea0cd/resourceGroups/Anh-DevOps-Backup/providers/Microsoft.Network/networkInterfaces/webserver-vm-nic-0"
            ],
            "os_profile": [
              {
                "admin_password": "",
                "admin_username": "matdecha",
                "computer_name": "webserver-vm-0",
                "custom_data": "da39a3ee5e6b4b0d3255bfef95601890afd80709"
              }
            ],
            "os_profile_linux_config": [
              {
                "disable_password_authentication": true,
                "ssh_keys": [
                  {
                    "key_data": "ssh-rsa AAAAB3NzaC1yc2EAAAADAQABAAABAQCpEVR4E87OMPureQnh6g9BvyX5yItcQ8SnpUnWfUOBCizGMEM29A9Eb0G32r8LXBVFwMmSxgR52z60eJsq16c3CMhrAYbeHOVPgte3Kyys02MzRxq4UI3hukaoWu8PNNopItM85q+WoghVNuS6QzajwUE3G1WbwA3K/aG0r1ws4oA8/UGDvy0t+G1/yftEFFQsswCxe3HKTEtUicTw2qn21l9TLoiN69VJQIa6Bp3QDYCG2myXGyE7VGmR4d+1KZVKNuCdVuNBXEtpsLU+mwX2bznjpsHbz/lYhzjBiBPNsNBYqPnV9yT8MNRbq/XKZO32lpqO3Hk4BAHLOWAx3jMZ www-user@webserver-vm02\n",
                    "path": "/home/matdecha/.ssh/authorized_keys"
                  }
                ]
              }
            ],
            "os_profile_secrets": [],
            "os_profile_windows_config": [],
            "plan": [],
            "primary_network_interface_id": null,
            "proximity_placement_group_id": null,
            "resource_group_name": "Anh-DevOps-Backup",
            "storage_data_disk": [],
            "storage_image_reference": [
              {
                "id": "",
                "offer": "CentOS",
                "publisher": "OpenLogic",
                "sku": "7.7",
                "version": "latest"
              }
            ],
            "storage_os_disk": [
              {
                "caching": "ReadWrite",
                "create_option": "FromImage",
                "disk_size_gb": 30,
                "image_uri": "",
                "managed_disk_id": "/subscriptions/ab98a41c-62e7-4873-b479-125537eea0cd/resourceGroups/ANH-DEVOPS-BACKUP/providers/Microsoft.Compute/disks/osdisk-webserver-vm-0",
                "managed_disk_type": "Premium_LRS",
                "name": "osdisk-webserver-vm-0",
                "os_type": "Linux",
                "vhd_uri": "",
                "write_accelerator_enabled": false
              }
            ],
            "tags": {
              "costcenter": "it",
              "environment": "dev"
            },
            "timeouts": null,
            "vm_size": "Standard_B2s",
            "zones": null
          },
          "private": "eyJlMmJmYjczMC1lY2FhLTExZTYtOGY4OC0zNDM2M2JjN2M0YzAiOnsiY3JlYXRlIjozNjAwMDAwMDAwMDAwLCJkZWxldGUiOjM2MDAwMDAwMDAwMDAsInJlYWQiOjMwMDAwMDAwMDAwMCwidXBkYXRlIjozNjAwMDAwMDAwMDAwfX0=",
          "dependencies": [
            "azurerm_resource_group.devops",
            "module.vnet.azurerm_subnet.subnet",
            "module.vnet.azurerm_virtual_network.vnet",
            "module.webserver-vm.azurerm_availability_set.vm",
            "module.webserver-vm.azurerm_network_interface.vm",
            "module.webserver-vm.azurerm_public_ip.vm",
            "module.webserver-vm.azurerm_storage_account.vm-sa"
          ]
        }
      ]
    },
    {
      "module": "module.jenkins-vm",
      "mode": "managed",
      "type": "azurerm_virtual_machine",
      "name": "vm-windows",
      "each": "list",
      "provider": "provider.azurerm",
      "instances": []
    },
    {
      "module": "module.webserver-vm",
      "mode": "managed",
      "type": "azurerm_virtual_machine",
      "name": "vm-windows",
      "each": "list",
      "provider": "provider.azurerm",
      "instances": []
    },
    {
      "module": "module.vnet",
      "mode": "managed",
      "type": "azurerm_virtual_network",
      "name": "vnet",
      "provider": "provider.azurerm",
      "instances": [
        {
          "schema_version": 0,
          "attributes": {
            "address_space": [
              "192.168.0.0/16"
            ],
            "ddos_protection_plan": [],
            "dns_servers": [],
            "id": "/subscriptions/ab98a41c-62e7-4873-b479-125537eea0cd/resourceGroups/Anh-DevOps-Backup/providers/Microsoft.Network/virtualNetworks/devops-vnet",
            "location": "southeastasia",
            "name": "devops-vnet",
            "resource_group_name": "Anh-DevOps-Backup",
            "subnet": [],
            "tags": {
              "costcenter": "it",
              "environment": "dev"
            },
            "timeouts": null
          },
          "private": "eyJlMmJmYjczMC1lY2FhLTExZTYtOGY4OC0zNDM2M2JjN2M0YzAiOnsiY3JlYXRlIjoxODAwMDAwMDAwMDAwLCJkZWxldGUiOjE4MDAwMDAwMDAwMDAsInJlYWQiOjMwMDAwMDAwMDAwMCwidXBkYXRlIjoxODAwMDAwMDAwMDAwfX0=",
          "dependencies": [
            "azurerm_resource_group.devops"
          ]
        }
      ]
    },
    {
      "module": "module.jenkins-vm",
      "mode": "managed",
      "type": "random_id",
      "name": "vm-sa",
      "provider": "provider.random",
      "instances": [
        {
          "schema_version": 0,
          "attributes": {
            "b64": "qM2wsc8G",
            "b64_std": "qM2wsc8G",
            "b64_url": "qM2wsc8G",
            "byte_length": 6,
            "dec": "185601386204934",
            "hex": "a8cdb0b1cf06",
            "id": "qM2wsc8G",
            "keepers": {
              "vm_hostname": "jenkins-vm"
            },
            "prefix": null
          },
          "private": "bnVsbA=="
        }
      ]
    },
    {
      "module": "module.webserver-vm",
      "mode": "managed",
      "type": "random_id",
      "name": "vm-sa",
      "provider": "provider.random",
      "instances": [
        {
          "schema_version": 0,
          "attributes": {
            "b64": "m477Kkln",
            "b64_std": "m477Kkln",
            "b64_url": "m477Kkln",
            "byte_length": 6,
            "dec": "171038401513831",
            "hex": "9b8efb2a4967",
            "id": "m477Kkln",
            "keepers": {
              "vm_hostname": "webserver-vm"
            },
            "prefix": null
          },
          "private": "bnVsbA=="
        }
      ]
    }
  ]
}
