{
  "version": 4,
  "terraform_version": "0.12.29",
  "serial": 383,
  "lineage": "e5e14aa5-8a7a-fe18-5411-e0167430f0c8",
  "outputs": {
    "jenkins_vm_public_ips": {
      "value": [
        "52.187.189.119"
      ],
      "type": [
        "tuple",
        [
          "string"
        ]
      ]
    },
    "jenkins_vm_url": {
      "value": "http://52.187.189.119:8080",
      "type": "string"
    },
    "webserver-vm_public_ips": {
      "value": [
        "52.187.189.157"
      ],
      "type": [
        "tuple",
        [
          "string"
        ]
      ]
    },
    "webserver-vm_url": {
      "value": "http://52.187.189.157",
      "type": "string"
    }
  },
  "resources": [
    {
      "module": "module.jenkins_nsg",
      "mode": "data",
      "type": "azurerm_resource_group",
      "name": "nsg",
      "provider": "provider.azurerm",
      "instances": [
        {
          "schema_version": 0,
          "attributes": {
            "id": "/subscriptions/d0767e87-e2a6-4477-a762-768ce1367057/resourceGroups/Anh-DevOps",
            "location": "southeastasia",
            "name": "Anh-DevOps",
            "tags": {},
            "timeouts": null
          }
        }
      ]
    },
    {
      "module": "module.webserver_nsg",
      "mode": "data",
      "type": "azurerm_resource_group",
      "name": "nsg",
      "provider": "provider.azurerm",
      "instances": [
        {
          "schema_version": 0,
          "attributes": {
            "id": "/subscriptions/d0767e87-e2a6-4477-a762-768ce1367057/resourceGroups/Anh-DevOps",
            "location": "southeastasia",
            "name": "Anh-DevOps",
            "tags": {},
            "timeouts": null
          }
        }
      ]
    },
    {
      "module": "module.jenkins_vm",
      "mode": "data",
      "type": "azurerm_resource_group",
      "name": "vm",
      "provider": "provider.azurerm",
      "instances": [
        {
          "schema_version": 0,
          "attributes": {
            "id": "/subscriptions/d0767e87-e2a6-4477-a762-768ce1367057/resourceGroups/Anh-DevOps",
            "location": "southeastasia",
            "name": "Anh-DevOps",
            "tags": {},
            "timeouts": null
          }
        }
      ]
    },
    {
      "module": "module.webserver_vm",
      "mode": "data",
      "type": "azurerm_resource_group",
      "name": "vm",
      "provider": "provider.azurerm",
      "instances": [
        {
          "schema_version": 0,
          "attributes": {
            "id": "/subscriptions/d0767e87-e2a6-4477-a762-768ce1367057/resourceGroups/Anh-DevOps",
            "location": "southeastasia",
            "name": "Anh-DevOps",
            "tags": {},
            "timeouts": null
          }
        }
      ]
    },
    {
      "module": "module.vnet",
      "mode": "data",
      "type": "azurerm_resource_group",
      "name": "vnet",
      "provider": "provider.azurerm",
      "instances": [
        {
          "schema_version": 0,
          "attributes": {
            "id": "/subscriptions/d0767e87-e2a6-4477-a762-768ce1367057/resourceGroups/Anh-DevOps",
            "location": "southeastasia",
            "name": "Anh-DevOps",
            "tags": {},
            "timeouts": null
          }
        }
      ]
    },
    {
      "module": "module.vnet",
      "mode": "data",
      "type": "azurerm_subnet",
      "name": "import",
      "each": "map",
      "provider": "provider.azurerm",
      "instances": [
        {
          "index_key": "subnet_a",
          "schema_version": 0,
          "attributes": {
            "address_prefix": "192.168.0.0/24",
            "address_prefixes": [
              "192.168.0.0/24"
            ],
            "enforce_private_link_endpoint_network_policies": false,
            "enforce_private_link_service_network_policies": false,
            "id": "/subscriptions/d0767e87-e2a6-4477-a762-768ce1367057/resourceGroups/Anh-DevOps/providers/Microsoft.Network/virtualNetworks/devops_vnet/subnets/subnet_a",
            "name": "subnet_a",
            "network_security_group_id": "",
            "resource_group_name": "Anh-DevOps",
            "route_table_id": "",
            "service_endpoints": [],
            "timeouts": null,
            "virtual_network_name": "devops_vnet"
          }
        },
        {
          "index_key": "subnet_b",
          "schema_version": 0,
          "attributes": {
            "address_prefix": "192.168.1.0/24",
            "address_prefixes": [
              "192.168.1.0/24"
            ],
            "enforce_private_link_endpoint_network_policies": false,
            "enforce_private_link_service_network_policies": false,
            "id": "/subscriptions/d0767e87-e2a6-4477-a762-768ce1367057/resourceGroups/Anh-DevOps/providers/Microsoft.Network/virtualNetworks/devops_vnet/subnets/subnet_b",
            "name": "subnet_b",
            "network_security_group_id": "",
            "resource_group_name": "Anh-DevOps",
            "route_table_id": "",
            "service_endpoints": [],
            "timeouts": null,
            "virtual_network_name": "devops_vnet"
          }
        }
      ]
    },
    {
      "module": "module.jenkins_vm",
      "mode": "managed",
      "type": "azurerm_availability_set",
      "name": "vm",
      "provider": "provider.azurerm",
      "instances": [
        {
          "schema_version": 0,
          "attributes": {
            "id": "/subscriptions/d0767e87-e2a6-4477-a762-768ce1367057/resourceGroups/Anh-DevOps/providers/Microsoft.Compute/availabilitySets/jenkins-avset",
            "location": "southeastasia",
            "managed": true,
            "name": "jenkins-avset",
            "platform_fault_domain_count": 2,
            "platform_update_domain_count": 2,
            "proximity_placement_group_id": null,
            "resource_group_name": "Anh-DevOps",
            "tags": {
              "environment": "dev"
            },
            "timeouts": null
          },
          "private": "eyJlMmJmYjczMC1lY2FhLTExZTYtOGY4OC0zNDM2M2JjN2M0YzAiOnsiY3JlYXRlIjoxODAwMDAwMDAwMDAwLCJkZWxldGUiOjE4MDAwMDAwMDAwMDAsInJlYWQiOjMwMDAwMDAwMDAwMCwidXBkYXRlIjoxODAwMDAwMDAwMDAwfX0=",
          "dependencies": [
            "azurerm_resource_group.devops"
          ]
        }
      ]
    },
    {
      "module": "module.webserver_vm",
      "mode": "managed",
      "type": "azurerm_availability_set",
      "name": "vm",
      "provider": "provider.azurerm",
      "instances": [
        {
          "schema_version": 0,
          "attributes": {
            "id": "/subscriptions/d0767e87-e2a6-4477-a762-768ce1367057/resourceGroups/Anh-DevOps/providers/Microsoft.Compute/availabilitySets/webserver-avset",
            "location": "southeastasia",
            "managed": true,
            "name": "webserver-avset",
            "platform_fault_domain_count": 2,
            "platform_update_domain_count": 2,
            "proximity_placement_group_id": null,
            "resource_group_name": "Anh-DevOps",
            "tags": {
              "environment": "dev"
            },
            "timeouts": null
          },
          "private": "eyJlMmJmYjczMC1lY2FhLTExZTYtOGY4OC0zNDM2M2JjN2M0YzAiOnsiY3JlYXRlIjoxODAwMDAwMDAwMDAwLCJkZWxldGUiOjE4MDAwMDAwMDAwMDAsInJlYWQiOjMwMDAwMDAwMDAwMCwidXBkYXRlIjoxODAwMDAwMDAwMDAwfX0=",
          "dependencies": [
            "azurerm_resource_group.devops"
          ]
        }
      ]
    },
    {
      "module": "module.jenkins_vm",
      "mode": "managed",
      "type": "azurerm_network_interface",
      "name": "vm",
      "each": "list",
      "provider": "provider.azurerm",
      "instances": [
        {
          "index_key": 0,
          "schema_version": 0,
          "attributes": {
            "applied_dns_servers": [],
            "dns_servers": [],
            "enable_accelerated_networking": false,
            "enable_ip_forwarding": false,
            "id": "/subscriptions/d0767e87-e2a6-4477-a762-768ce1367057/resourceGroups/Anh-DevOps/providers/Microsoft.Network/networkInterfaces/jenkins-nic-0",
            "internal_dns_name_label": "",
            "internal_domain_name_suffix": "rgjb03wmwrsudfsgflegkougsa.ix.internal.cloudapp.net",
            "ip_configuration": [
              {
                "name": "jenkins-ip-0",
                "primary": true,
                "private_ip_address": "192.168.0.4",
                "private_ip_address_allocation": "Dynamic",
                "private_ip_address_version": "IPv4",
                "public_ip_address_id": "/subscriptions/d0767e87-e2a6-4477-a762-768ce1367057/resourceGroups/Anh-DevOps/providers/Microsoft.Network/publicIPAddresses/jenkins-pip-0",
                "subnet_id": "/subscriptions/d0767e87-e2a6-4477-a762-768ce1367057/resourceGroups/Anh-DevOps/providers/Microsoft.Network/virtualNetworks/devops_vnet/subnets/subnet_a"
              }
            ],
            "location": "southeastasia",
            "mac_address": "",
            "name": "jenkins-nic-0",
            "private_ip_address": "192.168.0.4",
            "private_ip_addresses": [
              "192.168.0.4"
            ],
            "resource_group_name": "Anh-DevOps",
            "tags": {
              "environment": "dev"
            },
            "timeouts": null,
            "virtual_machine_id": ""
          },
          "private": "eyJlMmJmYjczMC1lY2FhLTExZTYtOGY4OC0zNDM2M2JjN2M0YzAiOnsiY3JlYXRlIjoxODAwMDAwMDAwMDAwLCJkZWxldGUiOjE4MDAwMDAwMDAwMDAsInJlYWQiOjMwMDAwMDAwMDAwMCwidXBkYXRlIjoxODAwMDAwMDAwMDAwfX0=",
          "dependencies": [
            "azurerm_resource_group.devops",
            "module.jenkins_vm.azurerm_public_ip.vm",
            "module.vnet.azurerm_subnet.subnet",
            "module.vnet.azurerm_virtual_network.vnet"
          ]
        }
      ]
    },
    {
      "module": "module.webserver_vm",
      "mode": "managed",
      "type": "azurerm_network_interface",
      "name": "vm",
      "each": "list",
      "provider": "provider.azurerm",
      "instances": [
        {
          "index_key": 0,
          "schema_version": 0,
          "attributes": {
            "applied_dns_servers": [],
            "dns_servers": [],
            "enable_accelerated_networking": false,
            "enable_ip_forwarding": false,
            "id": "/subscriptions/d0767e87-e2a6-4477-a762-768ce1367057/resourceGroups/Anh-DevOps/providers/Microsoft.Network/networkInterfaces/webserver-nic-0",
            "internal_dns_name_label": "",
            "internal_domain_name_suffix": "rgjb03wmwrsudfsgflegkougsa.ix.internal.cloudapp.net",
            "ip_configuration": [
              {
                "name": "webserver-ip-0",
                "primary": true,
                "private_ip_address": "192.168.1.4",
                "private_ip_address_allocation": "Dynamic",
                "private_ip_address_version": "IPv4",
                "public_ip_address_id": "/subscriptions/d0767e87-e2a6-4477-a762-768ce1367057/resourceGroups/Anh-DevOps/providers/Microsoft.Network/publicIPAddresses/webserver-pip-0",
                "subnet_id": "/subscriptions/d0767e87-e2a6-4477-a762-768ce1367057/resourceGroups/Anh-DevOps/providers/Microsoft.Network/virtualNetworks/devops_vnet/subnets/subnet_b"
              }
            ],
            "location": "southeastasia",
            "mac_address": "",
            "name": "webserver-nic-0",
            "private_ip_address": "192.168.1.4",
            "private_ip_addresses": [
              "192.168.1.4"
            ],
            "resource_group_name": "Anh-DevOps",
            "tags": {
              "environment": "dev"
            },
            "timeouts": null,
            "virtual_machine_id": ""
          },
          "private": "eyJlMmJmYjczMC1lY2FhLTExZTYtOGY4OC0zNDM2M2JjN2M0YzAiOnsiY3JlYXRlIjoxODAwMDAwMDAwMDAwLCJkZWxldGUiOjE4MDAwMDAwMDAwMDAsInJlYWQiOjMwMDAwMDAwMDAwMCwidXBkYXRlIjoxODAwMDAwMDAwMDAwfX0=",
          "dependencies": [
            "azurerm_resource_group.devops",
            "module.vnet.azurerm_subnet.subnet",
            "module.vnet.azurerm_virtual_network.vnet",
            "module.webserver_vm.azurerm_public_ip.vm"
          ]
        }
      ]
    },
    {
      "module": "module.jenkins_vm",
      "mode": "managed",
      "type": "azurerm_network_interface_security_group_association",
      "name": "test",
      "each": "list",
      "provider": "provider.azurerm",
      "instances": [
        {
          "index_key": 0,
          "schema_version": 0,
          "attributes": {
            "id": "/subscriptions/d0767e87-e2a6-4477-a762-768ce1367057/resourceGroups/Anh-DevOps/providers/Microsoft.Network/networkInterfaces/jenkins-nic-0|/subscriptions/d0767e87-e2a6-4477-a762-768ce1367057/resourceGroups/Anh-DevOps/providers/Microsoft.Network/networkSecurityGroups/jenkins-nsg",
            "network_interface_id": "/subscriptions/d0767e87-e2a6-4477-a762-768ce1367057/resourceGroups/Anh-DevOps/providers/Microsoft.Network/networkInterfaces/jenkins-nic-0",
            "network_security_group_id": "/subscriptions/d0767e87-e2a6-4477-a762-768ce1367057/resourceGroups/Anh-DevOps/providers/Microsoft.Network/networkSecurityGroups/jenkins-nsg",
            "timeouts": null
          },
          "private": "eyJlMmJmYjczMC1lY2FhLTExZTYtOGY4OC0zNDM2M2JjN2M0YzAiOnsiY3JlYXRlIjoxODAwMDAwMDAwMDAwLCJkZWxldGUiOjE4MDAwMDAwMDAwMDAsInJlYWQiOjMwMDAwMDAwMDAwMCwidXBkYXRlIjoxODAwMDAwMDAwMDAwfX0=",
          "dependencies": [
            "azurerm_resource_group.devops",
            "module.jenkins_vm.azurerm_network_interface.vm",
            "module.jenkins_vm.azurerm_network_security_group.vm",
            "module.jenkins_vm.azurerm_public_ip.vm",
            "module.vnet.azurerm_subnet.subnet",
            "module.vnet.azurerm_virtual_network.vnet"
          ]
        }
      ]
    },
    {
      "module": "module.webserver_vm",
      "mode": "managed",
      "type": "azurerm_network_interface_security_group_association",
      "name": "test",
      "each": "list",
      "provider": "provider.azurerm",
      "instances": [
        {
          "index_key": 0,
          "schema_version": 0,
          "attributes": {
            "id": "/subscriptions/d0767e87-e2a6-4477-a762-768ce1367057/resourceGroups/Anh-DevOps/providers/Microsoft.Network/networkInterfaces/webserver-nic-0|/subscriptions/d0767e87-e2a6-4477-a762-768ce1367057/resourceGroups/Anh-DevOps/providers/Microsoft.Network/networkSecurityGroups/webserver-nsg",
            "network_interface_id": "/subscriptions/d0767e87-e2a6-4477-a762-768ce1367057/resourceGroups/Anh-DevOps/providers/Microsoft.Network/networkInterfaces/webserver-nic-0",
            "network_security_group_id": "/subscriptions/d0767e87-e2a6-4477-a762-768ce1367057/resourceGroups/Anh-DevOps/providers/Microsoft.Network/networkSecurityGroups/webserver-nsg",
            "timeouts": null
          },
          "private": "eyJlMmJmYjczMC1lY2FhLTExZTYtOGY4OC0zNDM2M2JjN2M0YzAiOnsiY3JlYXRlIjoxODAwMDAwMDAwMDAwLCJkZWxldGUiOjE4MDAwMDAwMDAwMDAsInJlYWQiOjMwMDAwMDAwMDAwMCwidXBkYXRlIjoxODAwMDAwMDAwMDAwfX0=",
          "dependencies": [
            "azurerm_resource_group.devops",
            "module.vnet.azurerm_subnet.subnet",
            "module.vnet.azurerm_virtual_network.vnet",
            "module.webserver_vm.azurerm_network_interface.vm",
            "module.webserver_vm.azurerm_network_security_group.vm",
            "module.webserver_vm.azurerm_public_ip.vm"
          ]
        }
      ]
    },
    {
      "module": "module.jenkins_nsg",
      "mode": "managed",
      "type": "azurerm_network_security_group",
      "name": "nsg",
      "provider": "provider.azurerm",
      "instances": [
        {
          "schema_version": 0,
          "attributes": {
            "id": "/subscriptions/d0767e87-e2a6-4477-a762-768ce1367057/resourceGroups/Anh-DevOps/providers/Microsoft.Network/networkSecurityGroups/jenkins_nsg",
            "location": "southeastasia",
            "name": "jenkins_nsg",
            "resource_group_name": "Anh-DevOps",
            "security_rule": [],
            "tags": {
              "environment": "dev"
            },
            "timeouts": null
          },
          "private": "eyJlMmJmYjczMC1lY2FhLTExZTYtOGY4OC0zNDM2M2JjN2M0YzAiOnsiY3JlYXRlIjoxODAwMDAwMDAwMDAwLCJkZWxldGUiOjE4MDAwMDAwMDAwMDAsInJlYWQiOjMwMDAwMDAwMDAwMCwidXBkYXRlIjoxODAwMDAwMDAwMDAwfX0=",
          "dependencies": [
            "azurerm_resource_group.devops"
          ]
        }
      ]
    },
    {
      "module": "module.webserver_nsg",
      "mode": "managed",
      "type": "azurerm_network_security_group",
      "name": "nsg",
      "provider": "provider.azurerm",
      "instances": [
        {
          "schema_version": 0,
          "attributes": {
            "id": "/subscriptions/d0767e87-e2a6-4477-a762-768ce1367057/resourceGroups/Anh-DevOps/providers/Microsoft.Network/networkSecurityGroups/webserver_nsg",
            "location": "southeastasia",
            "name": "webserver_nsg",
            "resource_group_name": "Anh-DevOps",
            "security_rule": [],
            "tags": {
              "environment": "dev"
            },
            "timeouts": null
          },
          "private": "eyJlMmJmYjczMC1lY2FhLTExZTYtOGY4OC0zNDM2M2JjN2M0YzAiOnsiY3JlYXRlIjoxODAwMDAwMDAwMDAwLCJkZWxldGUiOjE4MDAwMDAwMDAwMDAsInJlYWQiOjMwMDAwMDAwMDAwMCwidXBkYXRlIjoxODAwMDAwMDAwMDAwfX0=",
          "dependencies": [
            "azurerm_resource_group.devops"
          ]
        }
      ]
    },
    {
      "module": "module.jenkins_vm",
      "mode": "managed",
      "type": "azurerm_network_security_group",
      "name": "vm",
      "provider": "provider.azurerm",
      "instances": [
        {
          "schema_version": 0,
          "attributes": {
            "id": "/subscriptions/d0767e87-e2a6-4477-a762-768ce1367057/resourceGroups/Anh-DevOps/providers/Microsoft.Network/networkSecurityGroups/jenkins-nsg",
            "location": "southeastasia",
            "name": "jenkins-nsg",
            "resource_group_name": "Anh-DevOps",
            "security_rule": [],
            "tags": {
              "environment": "dev"
            },
            "timeouts": null
          },
          "private": "eyJlMmJmYjczMC1lY2FhLTExZTYtOGY4OC0zNDM2M2JjN2M0YzAiOnsiY3JlYXRlIjoxODAwMDAwMDAwMDAwLCJkZWxldGUiOjE4MDAwMDAwMDAwMDAsInJlYWQiOjMwMDAwMDAwMDAwMCwidXBkYXRlIjoxODAwMDAwMDAwMDAwfX0=",
          "dependencies": [
            "azurerm_resource_group.devops"
          ]
        }
      ]
    },
    {
      "module": "module.webserver_vm",
      "mode": "managed",
      "type": "azurerm_network_security_group",
      "name": "vm",
      "provider": "provider.azurerm",
      "instances": [
        {
          "schema_version": 0,
          "attributes": {
            "id": "/subscriptions/d0767e87-e2a6-4477-a762-768ce1367057/resourceGroups/Anh-DevOps/providers/Microsoft.Network/networkSecurityGroups/webserver-nsg",
            "location": "southeastasia",
            "name": "webserver-nsg",
            "resource_group_name": "Anh-DevOps",
            "security_rule": [],
            "tags": {
              "environment": "dev"
            },
            "timeouts": null
          },
          "private": "eyJlMmJmYjczMC1lY2FhLTExZTYtOGY4OC0zNDM2M2JjN2M0YzAiOnsiY3JlYXRlIjoxODAwMDAwMDAwMDAwLCJkZWxldGUiOjE4MDAwMDAwMDAwMDAsInJlYWQiOjMwMDAwMDAwMDAwMCwidXBkYXRlIjoxODAwMDAwMDAwMDAwfX0=",
          "dependencies": [
            "azurerm_resource_group.devops"
          ]
        }
      ]
    },
    {
      "module": "module.jenkins_nsg",
      "mode": "managed",
      "type": "azurerm_network_security_rule",
      "name": "custom_rules",
      "each": "list",
      "provider": "provider.azurerm",
      "instances": [
        {
          "index_key": 0,
          "schema_version": 0,
          "attributes": {
            "access": "Allow",
            "description": "Jenkins_8080",
            "destination_address_prefix": "*",
            "destination_address_prefixes": null,
            "destination_application_security_group_ids": null,
            "destination_port_range": "",
            "destination_port_ranges": [
              "8080"
            ],
            "direction": "Inbound",
            "id": "/subscriptions/d0767e87-e2a6-4477-a762-768ce1367057/resourceGroups/Anh-DevOps/providers/Microsoft.Network/networkSecurityGroups/jenkins_nsg/securityRules/Jenkins_8080",
            "name": "Jenkins_8080",
            "network_security_group_name": "jenkins_nsg",
            "priority": 510,
            "protocol": "tcp",
            "resource_group_name": "Anh-DevOps",
            "source_address_prefix": "*",
            "source_address_prefixes": null,
            "source_application_security_group_ids": null,
            "source_port_range": "",
            "source_port_ranges": [
              "0-65535"
            ],
            "timeouts": null
          },
          "private": "eyJlMmJmYjczMC1lY2FhLTExZTYtOGY4OC0zNDM2M2JjN2M0YzAiOnsiY3JlYXRlIjoxODAwMDAwMDAwMDAwLCJkZWxldGUiOjE4MDAwMDAwMDAwMDAsInJlYWQiOjMwMDAwMDAwMDAwMCwidXBkYXRlIjoxODAwMDAwMDAwMDAwfX0=",
          "dependencies": [
            "azurerm_resource_group.devops",
            "module.jenkins_nsg.azurerm_network_security_group.nsg"
          ]
        }
      ]
    },
    {
      "module": "module.webserver_nsg",
      "mode": "managed",
      "type": "azurerm_network_security_rule",
      "name": "custom_rules",
      "each": "list",
      "provider": "provider.azurerm",
      "instances": [
        {
          "index_key": 0,
          "schema_version": 0,
          "attributes": {
            "access": "Allow",
            "description": "phpmyadmin_3333",
            "destination_address_prefix": "*",
            "destination_address_prefixes": null,
            "destination_application_security_group_ids": null,
            "destination_port_range": "",
            "destination_port_ranges": [
              "3333"
            ],
            "direction": "Inbound",
            "id": "/subscriptions/d0767e87-e2a6-4477-a762-768ce1367057/resourceGroups/Anh-DevOps/providers/Microsoft.Network/networkSecurityGroups/webserver_nsg/securityRules/phpmyadmin_3333",
            "name": "phpmyadmin_3333",
            "network_security_group_name": "webserver_nsg",
            "priority": 530,
            "protocol": "tcp",
            "resource_group_name": "Anh-DevOps",
            "source_address_prefix": "*",
            "source_address_prefixes": null,
            "source_application_security_group_ids": null,
            "source_port_range": "",
            "source_port_ranges": [
              "0-65535"
            ],
            "timeouts": null
          },
          "private": "eyJlMmJmYjczMC1lY2FhLTExZTYtOGY4OC0zNDM2M2JjN2M0YzAiOnsiY3JlYXRlIjoxODAwMDAwMDAwMDAwLCJkZWxldGUiOjE4MDAwMDAwMDAwMDAsInJlYWQiOjMwMDAwMDAwMDAwMCwidXBkYXRlIjoxODAwMDAwMDAwMDAwfX0=",
          "dependencies": [
            "azurerm_resource_group.devops",
            "module.webserver_nsg.azurerm_network_security_group.nsg"
          ]
        }
      ]
    },
    {
      "module": "module.jenkins_nsg",
      "mode": "managed",
      "type": "azurerm_network_security_rule",
      "name": "predefined_rules",
      "each": "list",
      "provider": "provider.azurerm",
      "instances": [
        {
          "index_key": 0,
          "schema_version": 0,
          "attributes": {
            "access": "Allow",
            "description": "SSH",
            "destination_address_prefix": "*",
            "destination_address_prefixes": null,
            "destination_application_security_group_ids": null,
            "destination_port_range": "22",
            "destination_port_ranges": null,
            "direction": "Inbound",
            "id": "/subscriptions/d0767e87-e2a6-4477-a762-768ce1367057/resourceGroups/Anh-DevOps/providers/Microsoft.Network/networkSecurityGroups/jenkins_nsg/securityRules/SSH",
            "name": "SSH",
            "network_security_group_name": "jenkins_nsg",
            "priority": 500,
            "protocol": "TCP",
            "resource_group_name": "Anh-DevOps",
            "source_address_prefix": "*",
            "source_address_prefixes": null,
            "source_application_security_group_ids": null,
            "source_port_range": "",
            "source_port_ranges": [
              "0-65535"
            ],
            "timeouts": null
          },
          "private": "eyJlMmJmYjczMC1lY2FhLTExZTYtOGY4OC0zNDM2M2JjN2M0YzAiOnsiY3JlYXRlIjoxODAwMDAwMDAwMDAwLCJkZWxldGUiOjE4MDAwMDAwMDAwMDAsInJlYWQiOjMwMDAwMDAwMDAwMCwidXBkYXRlIjoxODAwMDAwMDAwMDAwfX0=",
          "dependencies": [
            "azurerm_resource_group.devops",
            "module.jenkins_nsg.azurerm_network_security_group.nsg"
          ]
        }
      ]
    },
    {
      "module": "module.webserver_nsg",
      "mode": "managed",
      "type": "azurerm_network_security_rule",
      "name": "predefined_rules",
      "each": "list",
      "provider": "provider.azurerm",
      "instances": [
        {
          "index_key": 0,
          "schema_version": 0,
          "attributes": {
            "access": "Allow",
            "description": "SSH",
            "destination_address_prefix": "*",
            "destination_address_prefixes": null,
            "destination_application_security_group_ids": null,
            "destination_port_range": "22",
            "destination_port_ranges": null,
            "direction": "Inbound",
            "id": "/subscriptions/d0767e87-e2a6-4477-a762-768ce1367057/resourceGroups/Anh-DevOps/providers/Microsoft.Network/networkSecurityGroups/webserver_nsg/securityRules/SSH",
            "name": "SSH",
            "network_security_group_name": "webserver_nsg",
            "priority": 500,
            "protocol": "TCP",
            "resource_group_name": "Anh-DevOps",
            "source_address_prefix": "*",
            "source_address_prefixes": null,
            "source_application_security_group_ids": null,
            "source_port_range": "",
            "source_port_ranges": [
              "0-65535"
            ],
            "timeouts": null
          },
          "private": "eyJlMmJmYjczMC1lY2FhLTExZTYtOGY4OC0zNDM2M2JjN2M0YzAiOnsiY3JlYXRlIjoxODAwMDAwMDAwMDAwLCJkZWxldGUiOjE4MDAwMDAwMDAwMDAsInJlYWQiOjMwMDAwMDAwMDAwMCwidXBkYXRlIjoxODAwMDAwMDAwMDAwfX0=",
          "dependencies": [
            "azurerm_resource_group.devops",
            "module.webserver_nsg.azurerm_network_security_group.nsg"
          ]
        },
        {
          "index_key": 1,
          "schema_version": 0,
          "attributes": {
            "access": "Allow",
            "description": "HTTP",
            "destination_address_prefix": "*",
            "destination_address_prefixes": null,
            "destination_application_security_group_ids": null,
            "destination_port_range": "80",
            "destination_port_ranges": null,
            "direction": "Inbound",
            "id": "/subscriptions/d0767e87-e2a6-4477-a762-768ce1367057/resourceGroups/Anh-DevOps/providers/Microsoft.Network/networkSecurityGroups/webserver_nsg/securityRules/HTTP",
            "name": "HTTP",
            "network_security_group_name": "webserver_nsg",
            "priority": 510,
            "protocol": "TCP",
            "resource_group_name": "Anh-DevOps",
            "source_address_prefix": "*",
            "source_address_prefixes": null,
            "source_application_security_group_ids": null,
            "source_port_range": "",
            "source_port_ranges": [
              "0-65535"
            ],
            "timeouts": null
          },
          "private": "eyJlMmJmYjczMC1lY2FhLTExZTYtOGY4OC0zNDM2M2JjN2M0YzAiOnsiY3JlYXRlIjoxODAwMDAwMDAwMDAwLCJkZWxldGUiOjE4MDAwMDAwMDAwMDAsInJlYWQiOjMwMDAwMDAwMDAwMCwidXBkYXRlIjoxODAwMDAwMDAwMDAwfX0=",
          "dependencies": [
            "azurerm_resource_group.devops",
            "module.webserver_nsg.azurerm_network_security_group.nsg"
          ]
        },
        {
          "index_key": 2,
          "schema_version": 0,
          "attributes": {
            "access": "Allow",
            "description": "HTTPS",
            "destination_address_prefix": "*",
            "destination_address_prefixes": null,
            "destination_application_security_group_ids": null,
            "destination_port_range": "443",
            "destination_port_ranges": null,
            "direction": "Inbound",
            "id": "/subscriptions/d0767e87-e2a6-4477-a762-768ce1367057/resourceGroups/Anh-DevOps/providers/Microsoft.Network/networkSecurityGroups/webserver_nsg/securityRules/HTTPS",
            "name": "HTTPS",
            "network_security_group_name": "webserver_nsg",
            "priority": 520,
            "protocol": "TCP",
            "resource_group_name": "Anh-DevOps",
            "source_address_prefix": "*",
            "source_address_prefixes": null,
            "source_application_security_group_ids": null,
            "source_port_range": "",
            "source_port_ranges": [
              "0-65535"
            ],
            "timeouts": null
          },
          "private": "eyJlMmJmYjczMC1lY2FhLTExZTYtOGY4OC0zNDM2M2JjN2M0YzAiOnsiY3JlYXRlIjoxODAwMDAwMDAwMDAwLCJkZWxldGUiOjE4MDAwMDAwMDAwMDAsInJlYWQiOjMwMDAwMDAwMDAwMCwidXBkYXRlIjoxODAwMDAwMDAwMDAwfX0=",
          "dependencies": [
            "azurerm_resource_group.devops",
            "module.webserver_nsg.azurerm_network_security_group.nsg"
          ]
        }
      ]
    },
    {
      "module": "module.jenkins_vm",
      "mode": "managed",
      "type": "azurerm_network_security_rule",
      "name": "vm",
      "each": "list",
      "provider": "provider.azurerm",
      "instances": []
    },
    {
      "module": "module.webserver_vm",
      "mode": "managed",
      "type": "azurerm_network_security_rule",
      "name": "vm",
      "each": "list",
      "provider": "provider.azurerm",
      "instances": []
    },
    {
      "module": "module.jenkins_vm",
      "mode": "managed",
      "type": "azurerm_public_ip",
      "name": "vm",
      "each": "list",
      "provider": "provider.azurerm",
      "instances": [
        {
          "index_key": 0,
          "schema_version": 0,
          "attributes": {
            "allocation_method": "Static",
            "domain_name_label": null,
            "fqdn": null,
            "id": "/subscriptions/d0767e87-e2a6-4477-a762-768ce1367057/resourceGroups/Anh-DevOps/providers/Microsoft.Network/publicIPAddresses/jenkins-pip-0",
            "idle_timeout_in_minutes": 4,
            "ip_address": "52.187.189.119",
            "ip_version": "IPv4",
            "location": "southeastasia",
            "name": "jenkins-pip-0",
            "public_ip_prefix_id": null,
            "resource_group_name": "Anh-DevOps",
            "reverse_fqdn": null,
            "sku": "Basic",
            "tags": {
              "environment": "dev"
            },
            "timeouts": null,
            "zones": null
          },
          "private": "eyJlMmJmYjczMC1lY2FhLTExZTYtOGY4OC0zNDM2M2JjN2M0YzAiOnsiY3JlYXRlIjoxODAwMDAwMDAwMDAwLCJkZWxldGUiOjE4MDAwMDAwMDAwMDAsInJlYWQiOjMwMDAwMDAwMDAwMCwidXBkYXRlIjoxODAwMDAwMDAwMDAwfX0=",
          "dependencies": [
            "azurerm_resource_group.devops"
          ]
        }
      ]
    },
    {
      "module": "module.webserver_vm",
      "mode": "managed",
      "type": "azurerm_public_ip",
      "name": "vm",
      "each": "list",
      "provider": "provider.azurerm",
      "instances": [
        {
          "index_key": 0,
          "schema_version": 0,
          "attributes": {
            "allocation_method": "Static",
            "domain_name_label": null,
            "fqdn": null,
            "id": "/subscriptions/d0767e87-e2a6-4477-a762-768ce1367057/resourceGroups/Anh-DevOps/providers/Microsoft.Network/publicIPAddresses/webserver-pip-0",
            "idle_timeout_in_minutes": 4,
            "ip_address": "52.187.189.157",
            "ip_version": "IPv4",
            "location": "southeastasia",
            "name": "webserver-pip-0",
            "public_ip_prefix_id": null,
            "resource_group_name": "Anh-DevOps",
            "reverse_fqdn": null,
            "sku": "Basic",
            "tags": {
              "environment": "dev"
            },
            "timeouts": null,
            "zones": null
          },
          "private": "eyJlMmJmYjczMC1lY2FhLTExZTYtOGY4OC0zNDM2M2JjN2M0YzAiOnsiY3JlYXRlIjoxODAwMDAwMDAwMDAwLCJkZWxldGUiOjE4MDAwMDAwMDAwMDAsInJlYWQiOjMwMDAwMDAwMDAwMCwidXBkYXRlIjoxODAwMDAwMDAwMDAwfX0=",
          "dependencies": [
            "azurerm_resource_group.devops"
          ]
        }
      ]
    },
    {
      "mode": "managed",
      "type": "azurerm_resource_group",
      "name": "devops",
      "provider": "provider.azurerm",
      "instances": [
        {
          "schema_version": 0,
          "attributes": {
            "id": "/subscriptions/d0767e87-e2a6-4477-a762-768ce1367057/resourceGroups/Anh-DevOps",
            "location": "southeastasia",
            "name": "Anh-DevOps",
            "tags": null,
            "timeouts": null
          },
          "private": "eyJlMmJmYjczMC1lY2FhLTExZTYtOGY4OC0zNDM2M2JjN2M0YzAiOnsiY3JlYXRlIjo1NDAwMDAwMDAwMDAwLCJkZWxldGUiOjU0MDAwMDAwMDAwMDAsInJlYWQiOjMwMDAwMDAwMDAwMCwidXBkYXRlIjo1NDAwMDAwMDAwMDAwfX0="
        }
      ]
    },
    {
      "module": "module.jenkins_vm",
      "mode": "managed",
      "type": "azurerm_storage_account",
      "name": "vm-sa",
      "each": "list",
      "provider": "provider.azurerm",
      "instances": []
    },
    {
      "module": "module.webserver_vm",
      "mode": "managed",
      "type": "azurerm_storage_account",
      "name": "vm-sa",
      "each": "list",
      "provider": "provider.azurerm",
      "instances": []
    },
    {
      "module": "module.vnet",
      "mode": "managed",
      "type": "azurerm_subnet",
      "name": "subnet",
      "each": "list",
      "provider": "provider.azurerm",
      "instances": [
        {
          "index_key": 0,
          "schema_version": 0,
          "attributes": {
            "address_prefix": "192.168.0.0/24",
            "address_prefixes": [
              "192.168.0.0/24"
            ],
            "delegation": [],
            "enforce_private_link_endpoint_network_policies": false,
            "enforce_private_link_service_network_policies": false,
            "id": "/subscriptions/d0767e87-e2a6-4477-a762-768ce1367057/resourceGroups/Anh-DevOps/providers/Microsoft.Network/virtualNetworks/devops_vnet/subnets/subnet_a",
            "name": "subnet_a",
            "resource_group_name": "Anh-DevOps",
            "service_endpoints": null,
            "timeouts": null,
            "virtual_network_name": "devops_vnet"
          },
          "private": "eyJlMmJmYjczMC1lY2FhLTExZTYtOGY4OC0zNDM2M2JjN2M0YzAiOnsiY3JlYXRlIjoxODAwMDAwMDAwMDAwLCJkZWxldGUiOjE4MDAwMDAwMDAwMDAsInJlYWQiOjMwMDAwMDAwMDAwMCwidXBkYXRlIjoxODAwMDAwMDAwMDAwfX0=",
          "dependencies": [
            "azurerm_resource_group.devops",
            "module.vnet.azurerm_virtual_network.vnet"
          ]
        },
        {
          "index_key": 1,
          "schema_version": 0,
          "attributes": {
            "address_prefix": "192.168.1.0/24",
            "address_prefixes": [
              "192.168.1.0/24"
            ],
            "delegation": [],
            "enforce_private_link_endpoint_network_policies": false,
            "enforce_private_link_service_network_policies": false,
            "id": "/subscriptions/d0767e87-e2a6-4477-a762-768ce1367057/resourceGroups/Anh-DevOps/providers/Microsoft.Network/virtualNetworks/devops_vnet/subnets/subnet_b",
            "name": "subnet_b",
            "resource_group_name": "Anh-DevOps",
            "service_endpoints": null,
            "timeouts": null,
            "virtual_network_name": "devops_vnet"
          },
          "private": "eyJlMmJmYjczMC1lY2FhLTExZTYtOGY4OC0zNDM2M2JjN2M0YzAiOnsiY3JlYXRlIjoxODAwMDAwMDAwMDAwLCJkZWxldGUiOjE4MDAwMDAwMDAwMDAsInJlYWQiOjMwMDAwMDAwMDAwMCwidXBkYXRlIjoxODAwMDAwMDAwMDAwfX0=",
          "dependencies": [
            "azurerm_resource_group.devops",
            "module.vnet.azurerm_virtual_network.vnet"
          ]
        }
      ]
    },
    {
      "module": "module.vnet",
      "mode": "managed",
      "type": "azurerm_subnet_network_security_group_association",
      "name": "vnet",
      "each": "map",
      "provider": "provider.azurerm",
      "instances": [
        {
          "index_key": "subnet_a",
          "schema_version": 0,
          "attributes": {
            "id": "/subscriptions/d0767e87-e2a6-4477-a762-768ce1367057/resourceGroups/Anh-DevOps/providers/Microsoft.Network/virtualNetworks/devops_vnet/subnets/subnet_a",
            "network_security_group_id": "/subscriptions/d0767e87-e2a6-4477-a762-768ce1367057/resourceGroups/Anh-DevOps/providers/Microsoft.Network/networkSecurityGroups/jenkins_nsg",
            "subnet_id": "/subscriptions/d0767e87-e2a6-4477-a762-768ce1367057/resourceGroups/Anh-DevOps/providers/Microsoft.Network/virtualNetworks/devops_vnet/subnets/subnet_a",
            "timeouts": null
          },
          "private": "eyJlMmJmYjczMC1lY2FhLTExZTYtOGY4OC0zNDM2M2JjN2M0YzAiOnsiY3JlYXRlIjoxODAwMDAwMDAwMDAwLCJkZWxldGUiOjE4MDAwMDAwMDAwMDAsInJlYWQiOjMwMDAwMDAwMDAwMCwidXBkYXRlIjoxODAwMDAwMDAwMDAwfX0=",
          "dependencies": [
            "azurerm_resource_group.devops",
            "module.jenkins_nsg.azurerm_network_security_group.nsg",
            "module.vnet.azurerm_subnet.subnet",
            "module.vnet.azurerm_virtual_network.vnet",
            "module.webserver_nsg.azurerm_network_security_group.nsg"
          ]
        },
        {
          "index_key": "subnet_b",
          "schema_version": 0,
          "attributes": {
            "id": "/subscriptions/d0767e87-e2a6-4477-a762-768ce1367057/resourceGroups/Anh-DevOps/providers/Microsoft.Network/virtualNetworks/devops_vnet/subnets/subnet_b",
            "network_security_group_id": "/subscriptions/d0767e87-e2a6-4477-a762-768ce1367057/resourceGroups/Anh-DevOps/providers/Microsoft.Network/networkSecurityGroups/webserver_nsg",
            "subnet_id": "/subscriptions/d0767e87-e2a6-4477-a762-768ce1367057/resourceGroups/Anh-DevOps/providers/Microsoft.Network/virtualNetworks/devops_vnet/subnets/subnet_b",
            "timeouts": null
          },
          "private": "eyJlMmJmYjczMC1lY2FhLTExZTYtOGY4OC0zNDM2M2JjN2M0YzAiOnsiY3JlYXRlIjoxODAwMDAwMDAwMDAwLCJkZWxldGUiOjE4MDAwMDAwMDAwMDAsInJlYWQiOjMwMDAwMDAwMDAwMCwidXBkYXRlIjoxODAwMDAwMDAwMDAwfX0=",
          "dependencies": [
            "azurerm_resource_group.devops",
            "module.jenkins_nsg.azurerm_network_security_group.nsg",
            "module.vnet.azurerm_subnet.subnet",
            "module.vnet.azurerm_virtual_network.vnet",
            "module.webserver_nsg.azurerm_network_security_group.nsg"
          ]
        }
      ]
    },
    {
      "module": "module.vnet",
      "mode": "managed",
      "type": "azurerm_subnet_route_table_association",
      "name": "vnet",
      "each": "map",
      "provider": "provider.azurerm",
      "instances": []
    },
    {
      "module": "module.jenkins_vm",
      "mode": "managed",
      "type": "azurerm_virtual_machine",
      "name": "vm-linux",
      "each": "list",
      "provider": "provider.azurerm",
      "instances": [
        {
          "index_key": 0,
          "schema_version": 0,
          "attributes": {
            "additional_capabilities": [],
            "availability_set_id": "/subscriptions/d0767e87-e2a6-4477-a762-768ce1367057/resourcegroups/anh-devops/providers/microsoft.compute/availabilitysets/jenkins-avset",
            "boot_diagnostics": [
              {
                "enabled": false,
                "storage_uri": ""
              }
            ],
            "delete_data_disks_on_termination": false,
            "delete_os_disk_on_termination": true,
            "id": "/subscriptions/d0767e87-e2a6-4477-a762-768ce1367057/resourceGroups/Anh-DevOps/providers/Microsoft.Compute/virtualMachines/jenkins-vmLinux-0",
            "identity": [],
            "license_type": null,
            "location": "southeastasia",
            "name": "jenkins-vmLinux-0",
            "network_interface_ids": [
              "/subscriptions/d0767e87-e2a6-4477-a762-768ce1367057/resourceGroups/Anh-DevOps/providers/Microsoft.Network/networkInterfaces/jenkins-nic-0"
            ],
            "os_profile": [
              {
                "admin_password": "",
                "admin_username": "matdecha",
                "computer_name": "jenkins-0",
                "custom_data": "da39a3ee5e6b4b0d3255bfef95601890afd80709"
              }
            ],
            "os_profile_linux_config": [
              {
                "disable_password_authentication": true,
                "ssh_keys": [
                  {
                    "key_data": "ssh-rsa AAAAB3NzaC1yc2EAAAADAQABAAABAQCpEVR4E87OMPureQnh6g9BvyX5yItcQ8SnpUnWfUOBCizGMEM29A9Eb0G32r8LXBVFwMmSxgR52z60eJsq16c3CMhrAYbeHOVPgte3Kyys02MzRxq4UI3hukaoWu8PNNopItM85q+WoghVNuS6QzajwUE3G1WbwA3K/aG0r1ws4oA8/UGDvy0t+G1/yftEFFQsswCxe3HKTEtUicTw2qn21l9TLoiN69VJQIa6Bp3QDYCG2myXGyE7VGmR4d+1KZVKNuCdVuNBXEtpsLU+mwX2bznjpsHbz/lYhzjBiBPNsNBYqPnV9yT8MNRbq/XKZO32lpqO3Hk4BAHLOWAx3jMZ www-user@webserver-vm02\n",
                    "path": "/home/matdecha/.ssh/authorized_keys"
                  }
                ]
              }
            ],
            "os_profile_secrets": [],
            "os_profile_windows_config": [],
            "plan": [],
            "primary_network_interface_id": null,
            "proximity_placement_group_id": null,
            "resource_group_name": "Anh-DevOps",
            "storage_data_disk": [],
            "storage_image_reference": [
              {
                "id": "",
                "offer": "CentOS",
                "publisher": "OpenLogic",
                "sku": "7.7",
                "version": "latest"
              }
            ],
            "storage_os_disk": [
              {
                "caching": "ReadWrite",
                "create_option": "FromImage",
                "disk_size_gb": 30,
                "image_uri": "",
                "managed_disk_id": "/subscriptions/d0767e87-e2a6-4477-a762-768ce1367057/resourceGroups/ANH-DEVOPS/providers/Microsoft.Compute/disks/osdisk-jenkins-0",
                "managed_disk_type": "Premium_LRS",
                "name": "osdisk-jenkins-0",
                "os_type": "Linux",
                "vhd_uri": "",
                "write_accelerator_enabled": false
              }
            ],
            "tags": {
              "environment": "dev"
            },
            "timeouts": null,
            "vm_size": "Standard_B2s",
            "zones": null
          },
          "private": "eyJlMmJmYjczMC1lY2FhLTExZTYtOGY4OC0zNDM2M2JjN2M0YzAiOnsiY3JlYXRlIjozNjAwMDAwMDAwMDAwLCJkZWxldGUiOjM2MDAwMDAwMDAwMDAsInJlYWQiOjMwMDAwMDAwMDAwMCwidXBkYXRlIjozNjAwMDAwMDAwMDAwfX0=",
          "dependencies": [
            "azurerm_resource_group.devops",
            "module.jenkins_vm.azurerm_availability_set.vm",
            "module.jenkins_vm.azurerm_network_interface.vm",
            "module.jenkins_vm.azurerm_public_ip.vm",
            "module.jenkins_vm.azurerm_storage_account.vm-sa",
            "module.vnet.azurerm_subnet.subnet",
            "module.vnet.azurerm_virtual_network.vnet"
          ]
        }
      ]
    },
    {
      "module": "module.webserver_vm",
      "mode": "managed",
      "type": "azurerm_virtual_machine",
      "name": "vm-linux",
      "each": "list",
      "provider": "provider.azurerm",
      "instances": [
        {
          "index_key": 0,
          "schema_version": 0,
          "attributes": {
            "additional_capabilities": [],
            "availability_set_id": "/subscriptions/d0767e87-e2a6-4477-a762-768ce1367057/resourcegroups/anh-devops/providers/microsoft.compute/availabilitysets/webserver-avset",
            "boot_diagnostics": [
              {
                "enabled": false,
                "storage_uri": ""
              }
            ],
            "delete_data_disks_on_termination": false,
            "delete_os_disk_on_termination": true,
            "id": "/subscriptions/d0767e87-e2a6-4477-a762-768ce1367057/resourceGroups/Anh-DevOps/providers/Microsoft.Compute/virtualMachines/webserver-vmLinux-0",
            "identity": [],
            "license_type": null,
            "location": "southeastasia",
            "name": "webserver-vmLinux-0",
            "network_interface_ids": [
              "/subscriptions/d0767e87-e2a6-4477-a762-768ce1367057/resourceGroups/Anh-DevOps/providers/Microsoft.Network/networkInterfaces/webserver-nic-0"
            ],
            "os_profile": [
              {
                "admin_password": "",
                "admin_username": "matdecha",
                "computer_name": "webserver-0",
                "custom_data": "da39a3ee5e6b4b0d3255bfef95601890afd80709"
              }
            ],
            "os_profile_linux_config": [
              {
                "disable_password_authentication": true,
                "ssh_keys": [
                  {
                    "key_data": "ssh-rsa AAAAB3NzaC1yc2EAAAADAQABAAABAQCpEVR4E87OMPureQnh6g9BvyX5yItcQ8SnpUnWfUOBCizGMEM29A9Eb0G32r8LXBVFwMmSxgR52z60eJsq16c3CMhrAYbeHOVPgte3Kyys02MzRxq4UI3hukaoWu8PNNopItM85q+WoghVNuS6QzajwUE3G1WbwA3K/aG0r1ws4oA8/UGDvy0t+G1/yftEFFQsswCxe3HKTEtUicTw2qn21l9TLoiN69VJQIa6Bp3QDYCG2myXGyE7VGmR4d+1KZVKNuCdVuNBXEtpsLU+mwX2bznjpsHbz/lYhzjBiBPNsNBYqPnV9yT8MNRbq/XKZO32lpqO3Hk4BAHLOWAx3jMZ www-user@webserver-vm02\n",
                    "path": "/home/matdecha/.ssh/authorized_keys"
                  }
                ]
              }
            ],
            "os_profile_secrets": [],
            "os_profile_windows_config": [],
            "plan": [],
            "primary_network_interface_id": null,
            "proximity_placement_group_id": null,
            "resource_group_name": "Anh-DevOps",
            "storage_data_disk": [],
            "storage_image_reference": [
              {
                "id": "",
                "offer": "CentOS",
                "publisher": "OpenLogic",
                "sku": "7.7",
                "version": "latest"
              }
            ],
            "storage_os_disk": [
              {
                "caching": "ReadWrite",
                "create_option": "FromImage",
                "disk_size_gb": 30,
                "image_uri": "",
                "managed_disk_id": "/subscriptions/d0767e87-e2a6-4477-a762-768ce1367057/resourceGroups/ANH-DEVOPS/providers/Microsoft.Compute/disks/osdisk-webserver-0",
                "managed_disk_type": "Premium_LRS",
                "name": "osdisk-webserver-0",
                "os_type": "Linux",
                "vhd_uri": "",
                "write_accelerator_enabled": false
              }
            ],
            "tags": {
              "environment": "dev"
            },
            "timeouts": null,
            "vm_size": "Standard_B2s",
            "zones": null
          },
          "private": "eyJlMmJmYjczMC1lY2FhLTExZTYtOGY4OC0zNDM2M2JjN2M0YzAiOnsiY3JlYXRlIjozNjAwMDAwMDAwMDAwLCJkZWxldGUiOjM2MDAwMDAwMDAwMDAsInJlYWQiOjMwMDAwMDAwMDAwMCwidXBkYXRlIjozNjAwMDAwMDAwMDAwfX0=",
          "dependencies": [
            "azurerm_resource_group.devops",
            "module.vnet.azurerm_subnet.subnet",
            "module.vnet.azurerm_virtual_network.vnet",
            "module.webserver_vm.azurerm_availability_set.vm",
            "module.webserver_vm.azurerm_network_interface.vm",
            "module.webserver_vm.azurerm_public_ip.vm",
            "module.webserver_vm.azurerm_storage_account.vm-sa"
          ]
        }
      ]
    },
    {
      "module": "module.jenkins_vm",
      "mode": "managed",
      "type": "azurerm_virtual_machine",
      "name": "vm-windows",
      "each": "list",
      "provider": "provider.azurerm",
      "instances": []
    },
    {
      "module": "module.webserver_vm",
      "mode": "managed",
      "type": "azurerm_virtual_machine",
      "name": "vm-windows",
      "each": "list",
      "provider": "provider.azurerm",
      "instances": []
    },
    {
      "module": "module.vnet",
      "mode": "managed",
      "type": "azurerm_virtual_network",
      "name": "vnet",
      "provider": "provider.azurerm",
      "instances": [
        {
          "schema_version": 0,
          "attributes": {
            "address_space": [
              "192.168.0.0/16"
            ],
            "ddos_protection_plan": [],
            "dns_servers": [],
            "guid": "761d9289-b4cc-4165-9646-2ac8653a8690",
            "id": "/subscriptions/d0767e87-e2a6-4477-a762-768ce1367057/resourceGroups/Anh-DevOps/providers/Microsoft.Network/virtualNetworks/devops_vnet",
            "location": "southeastasia",
            "name": "devops_vnet",
            "resource_group_name": "Anh-DevOps",
            "subnet": [],
            "tags": {
              "environment": "dev"
            },
            "timeouts": null
          },
          "private": "eyJlMmJmYjczMC1lY2FhLTExZTYtOGY4OC0zNDM2M2JjN2M0YzAiOnsiY3JlYXRlIjoxODAwMDAwMDAwMDAwLCJkZWxldGUiOjE4MDAwMDAwMDAwMDAsInJlYWQiOjMwMDAwMDAwMDAwMCwidXBkYXRlIjoxODAwMDAwMDAwMDAwfX0=",
          "dependencies": [
            "azurerm_resource_group.devops"
          ]
        }
      ]
    },
    {
      "mode": "managed",
      "type": "local_file",
      "name": "AnsibleInventory",
      "provider": "provider.local",
      "instances": [
        {
          "schema_version": 0,
          "attributes": {
            "content": "[jenkins]\n52.187.189.119 ansible_ssh_user=matdecha ansible_ssh_private_key_file=.ssh/ssh-key.pem\n\n[webserver]\n52.187.189.157 ansible_ssh_user=matdecha ansible_ssh_private_key_file=.ssh/ssh-key.pem",
            "content_base64": null,
            "directory_permission": "0777",
            "file_permission": "0777",
            "filename": "../ansible-demo/hosts.txt",
            "id": "d7be723345a5170cf1bf2d39c123136b4161bdb6",
            "sensitive_content": null
          },
          "private": "bnVsbA==",
          "dependencies": [
            "azurerm_resource_group.devops",
            "module.jenkins_vm.azurerm_public_ip.vm",
            "module.webserver_vm.azurerm_public_ip.vm"
          ]
        }
      ]
    },
    {
      "module": "module.jenkins_vm",
      "mode": "managed",
      "type": "random_id",
      "name": "vm-sa",
      "provider": "provider.random",
      "instances": [
        {
          "schema_version": 0,
          "attributes": {
            "b64": "2PgtaME2",
            "b64_std": "2PgtaME2",
            "b64_url": "2PgtaME2",
            "byte_length": 6,
            "dec": "238560425328950",
            "hex": "d8f82d68c136",
            "id": "2PgtaME2",
            "keepers": {
              "vm_hostname": "jenkins"
            },
            "prefix": null
          },
          "private": "bnVsbA=="
        }
      ]
    },
    {
      "module": "module.webserver_vm",
      "mode": "managed",
      "type": "random_id",
      "name": "vm-sa",
      "provider": "provider.random",
      "instances": [
        {
          "schema_version": 0,
          "attributes": {
            "b64": "QZyYsqoP",
            "b64_std": "QZyYsqoP",
            "b64_url": "QZyYsqoP",
            "byte_length": 6,
            "dec": "72140832549391",
            "hex": "419c98b2aa0f",
            "id": "QZyYsqoP",
            "keepers": {
              "vm_hostname": "webserver"
            },
            "prefix": null
          },
          "private": "bnVsbA=="
        }
      ]
    }
  ]
}
